// !$*UTF8*$!
{
	archiveVersion = 1;
	classes = {
	};
	objectVersion = 54;
	objects = {

/* Begin PBXBuildFile section */
		17576CAC248E89DE00E18B4C /* OverdriveDownloadTask.swift in Sources */ = {isa = PBXBuildFile; fileRef = 17576CAB248E89DE00E18B4C /* OverdriveDownloadTask.swift */; };
		178707C824DA505700649567 /* RSAUtils.swift in Sources */ = {isa = PBXBuildFile; fileRef = 178707C724DA505700649567 /* RSAUtils.swift */; };
		21B26CD0257FBA9F00A60238 /* LCPDownloadTask.swift in Sources */ = {isa = PBXBuildFile; fileRef = 21B26CCF257FBA9F00A60238 /* LCPDownloadTask.swift */; };
		7B3BD9CC2011848B002C5416 /* Media.xcassets in Resources */ = {isa = PBXBuildFile; fileRef = 7B5441F3200FB3EE0047B6C6 /* Media.xcassets */; };
		7B4F1B2020361547003F047B /* Cursor.swift in Sources */ = {isa = PBXBuildFile; fileRef = 7B4F1B1F20361546003F047B /* Cursor.swift */; };
		7B544196200EA7C20047B6C6 /* PalaceAudiobookToolkit.framework in Frameworks */ = {isa = PBXBuildFile; fileRef = 7B54418C200EA7C20047B6C6 /* PalaceAudiobookToolkit.framework */; };
		7B5441E1200EA82C0047B6C6 /* AudiobookMetadata.swift in Sources */ = {isa = PBXBuildFile; fileRef = 7B5441DA200EA82C0047B6C6 /* AudiobookMetadata.swift */; };
		7B5441E6200EA82C0047B6C6 /* AudiobookLifecycleManager.swift in Sources */ = {isa = PBXBuildFile; fileRef = 7B5441DF200EA82C0047B6C6 /* AudiobookLifecycleManager.swift */; };
		7B5441E7200EA82C0047B6C6 /* AudiobookManager.swift in Sources */ = {isa = PBXBuildFile; fileRef = 7B5441E0200EA82C0047B6C6 /* AudiobookManager.swift */; };
		7B6C1BD0203F1CDA00EB791E /* AudiobookNetworkService.swift in Sources */ = {isa = PBXBuildFile; fileRef = 7B6C1BCF203F1CDA00EB791E /* AudiobookNetworkService.swift */; };
		7B6C1BD420405C4D00EB791E /* CursorTests.swift in Sources */ = {isa = PBXBuildFile; fileRef = 7B6C1BD320405C4D00EB791E /* CursorTests.swift */; };
		7B78545B204DEE8500F6589B /* AudiobookNetworkServiceTest.swift in Sources */ = {isa = PBXBuildFile; fileRef = 7B78545A204DEE8500F6589B /* AudiobookNetworkServiceTest.swift */; };
		7B78545D204DEE9900F6589B /* DownloadTaskMock.swift in Sources */ = {isa = PBXBuildFile; fileRef = 7B78545C204DEE9900F6589B /* DownloadTaskMock.swift */; };
		7B7B370820211CE100030A1E /* OpenAccessDownloadTask.swift in Sources */ = {isa = PBXBuildFile; fileRef = 7B7B370720211CE100030A1E /* OpenAccessDownloadTask.swift */; };
		7B8026A3206AB0AF00012808 /* HumanReadablePlaybackRate.swift in Sources */ = {isa = PBXBuildFile; fileRef = 7B8026A2206AB0AF00012808 /* HumanReadablePlaybackRate.swift */; };
		7BBF4DFC20506FF600700731 /* SleepTimer.swift in Sources */ = {isa = PBXBuildFile; fileRef = 7BBF4DFB20506FF600700731 /* SleepTimer.swift */; };
		7BBF4DFE2050850A00700731 /* SleepTimerTests.swift in Sources */ = {isa = PBXBuildFile; fileRef = 7BBF4DFD2050850A00700731 /* SleepTimerTests.swift */; };
		7BBF4E002050856400700731 /* PlayerMock.swift in Sources */ = {isa = PBXBuildFile; fileRef = 7BBF4DFF2050856400700731 /* PlayerMock.swift */; };
		7BD759B820127E32004CE65F /* MediaPlayer.framework in Frameworks */ = {isa = PBXBuildFile; fileRef = 7BD759B720127E31004CE65F /* MediaPlayer.framework */; };
		7BD8E4FA206EB49D008ED3F1 /* VoiceOverTimestamp.swift in Sources */ = {isa = PBXBuildFile; fileRef = 7BD8E4F9206EB49D008ED3F1 /* VoiceOverTimestamp.swift */; };
		7BD8E4FC20753BC6008ED3F1 /* Bundle.swift in Sources */ = {isa = PBXBuildFile; fileRef = 7BD8E4FB20753BC6008ED3F1 /* Bundle.swift */; };
		7BDD33AF204461A000CC8807 /* HumanReadableTimestamp.swift in Sources */ = {isa = PBXBuildFile; fileRef = 7BDD33AE204461A000CC8807 /* HumanReadableTimestamp.swift */; };
		7BDD33B320470A7100CC8807 /* HumanReadablePercentage.swift in Sources */ = {isa = PBXBuildFile; fileRef = 7BDD33B220470A7000CC8807 /* HumanReadablePercentage.swift */; };
		7BF3C446205B0A010056D46B /* HumanReadableTimeRemaining.swift in Sources */ = {isa = PBXBuildFile; fileRef = 7BF3C445205B0A010056D46B /* HumanReadableTimeRemaining.swift */; };
		8C218AE8242C4C8500C53F0A /* AVPlayer+Description.swift in Sources */ = {isa = PBXBuildFile; fileRef = 8C218AE7242C4C8500C53F0A /* AVPlayer+Description.swift */; };
		8C3CDB042422AB060020FC0B /* JSONUtilsTest.swift in Sources */ = {isa = PBXBuildFile; fileRef = 8C3CDB032422AB060020FC0B /* JSONUtilsTest.swift */; };
		8C3CDB072422D85E0020FC0B /* Data+Base64.swift in Sources */ = {isa = PBXBuildFile; fileRef = 8C3CDB062422D85E0020FC0B /* Data+Base64.swift */; };
		8C3CDB0E2422E7F40020FC0B /* String+Extensions.swift in Sources */ = {isa = PBXBuildFile; fileRef = 8C3CDB0D2422E7F40020FC0B /* String+Extensions.swift */; };
		8C3CDB102422E82C0020FC0B /* HmacAlgorithm.swift in Sources */ = {isa = PBXBuildFile; fileRef = 8C3CDB0F2422E82C0020FC0B /* HmacAlgorithm.swift */; };
		8C3F7112242BDDAF00E5C810 /* URLRequest+Curl.swift in Sources */ = {isa = PBXBuildFile; fileRef = 8C3F7111242BDDAF00E5C810 /* URLRequest+Curl.swift */; };
		8C6CD8AA240D9F8A00E2DFB0 /* JSONUtils.swift in Sources */ = {isa = PBXBuildFile; fileRef = 8C6CD8A9240D9F8A00E2DFB0 /* JSONUtils.swift */; };
		8C6CD8AD240DB3C000E2DFB0 /* FeedbookDRMProcessor.swift in Sources */ = {isa = PBXBuildFile; fileRef = 8C6CD8AC240DB3C000E2DFB0 /* FeedbookDRMProcessor.swift */; };
		8C882C952409B04F0000CA59 /* DateUtils.swift in Sources */ = {isa = PBXBuildFile; fileRef = 8C882C942409B04F0000CA59 /* DateUtils.swift */; };
		8CD8A20F243E7A0D009DA4CC /* Data+BigEndianTest.swift in Sources */ = {isa = PBXBuildFile; fileRef = 8CD8A20E243E7A0D009DA4CC /* Data+BigEndianTest.swift */; };
		8CF57BDA243277180053C31E /* MediaProcessor.swift in Sources */ = {isa = PBXBuildFile; fileRef = 8CF57BD9243277180053C31E /* MediaProcessor.swift */; };
		8CF57BDC2432788C0053C31E /* Data+BigEndian.swift in Sources */ = {isa = PBXBuildFile; fileRef = 8CF57BDB2432788C0053C31E /* Data+BigEndian.swift */; };
		A9DC9CFD220547F800D122F2 /* ErrorDescriptions.swift in Sources */ = {isa = PBXBuildFile; fileRef = A9DC9CFC220547F800D122F2 /* ErrorDescriptions.swift */; };
		D5A0909C2B97986500C0FF2F /* theBigFail_manifest.json in Resources */ = {isa = PBXBuildFile; fileRef = D5A0909B2B97986500C0FF2F /* theBigFail_manifest.json */; };
		E50121752BB498BE0049730D /* animalFarm_manifest.json in Resources */ = {isa = PBXBuildFile; fileRef = E50121732BB493670049730D /* animalFarm_manifest.json */; };
		E503256D27FE8EFA00317F68 /* Array+Extensions.swift in Sources */ = {isa = PBXBuildFile; fileRef = E503256C27FE8EFA00317F68 /* Array+Extensions.swift */; };
		E5041F782BBF36B600AE363E /* MediaControlPublisher.swift in Sources */ = {isa = PBXBuildFile; fileRef = E5041F772BBF36B600AE363E /* MediaControlPublisher.swift */; };
		E51919DB2B50924000C08E86 /* URLRequest+Extensions.swift in Sources */ = {isa = PBXBuildFile; fileRef = E51919DA2B50924000C08E86 /* URLRequest+Extensions.swift */; };
		E523126C286E3C5A007D1DB5 /* TimeInterval+Extensions.swift in Sources */ = {isa = PBXBuildFile; fileRef = E523126B286E3C5A007D1DB5 /* TimeInterval+Extensions.swift */; };
		E52C1C422C00437F00D8F30B /* the_martian_manifest.json in Resources */ = {isa = PBXBuildFile; fileRef = E5A018C029368B17003F6D01 /* the_martian_manifest.json */; };
		E52C1C432C00437F00D8F30B /* littleWomenDevotional_manifest.json in Resources */ = {isa = PBXBuildFile; fileRef = E5338AD02BEAB816002387E1 /* littleWomenDevotional_manifest.json */; };
		E52C1C442C00437F00D8F30B /* secret_lives_manifest.json in Resources */ = {isa = PBXBuildFile; fileRef = E58496942BAB6FF1003C83E6 /* secret_lives_manifest.json */; };
		E52C1C452C00437F00D8F30B /* anathem_manifest.json in Resources */ = {isa = PBXBuildFile; fileRef = E58C53452B7550B000D861EE /* anathem_manifest.json */; };
		E52C1C462C00437F00D8F30B /* snowcrash_manifest.json in Resources */ = {isa = PBXBuildFile; fileRef = E530532F29B69B91005E831F /* snowcrash_manifest.json */; };
		E52C1C472C00437F00D8F30B /* bocas_manifest.json in Resources */ = {isa = PBXBuildFile; fileRef = E58496922BAB6B10003C83E6 /* bocas_manifest.json */; };
		E52C1C482C00437F00D8F30B /* quicksilver_manifest.json in Resources */ = {isa = PBXBuildFile; fileRef = E55470132B7C1814003447B8 /* quicksilver_manifest.json */; };
		E52C1C492C00437F00D8F30B /* animalFarm_manifest.json in Resources */ = {isa = PBXBuildFile; fileRef = E50121732BB493670049730D /* animalFarm_manifest.json */; };
		E52C1C4A2C00437F00D8F30B /* theBigFail_manifest.json in Resources */ = {isa = PBXBuildFile; fileRef = D5A0909B2B97986500C0FF2F /* theBigFail_manifest.json */; };
		E52C1C4B2C00437F00D8F30B /* christmas_carol_manifest.json in Resources */ = {isa = PBXBuildFile; fileRef = E55C93DD2B6C1FD30092E5E6 /* christmas_carol_manifest.json */; };
		E52C1C4C2C00437F00D8F30B /* best_new_horror_manifest.json in Resources */ = {isa = PBXBuildFile; fileRef = E549653427FBEB5100913BD6 /* best_new_horror_manifest.json */; };
		E52C1C4D2C00437F00D8F30B /* flatland_manifest.json in Resources */ = {isa = PBXBuildFile; fileRef = E549653227FBEAC400913BD6 /* flatland_manifest.json */; };
		E52C1C4E2C00437F00D8F30B /* the_system_of_the_world_manifest.json in Resources */ = {isa = PBXBuildFile; fileRef = E58C53432B75507100D861EE /* the_system_of_the_world_manifest.json */; };
		E530533029B69BDC005E831F /* snowcrash_manifest.json in Resources */ = {isa = PBXBuildFile; fileRef = E530532F29B69B91005E831F /* snowcrash_manifest.json */; };
		E531FF072D0691D70003E2FA /* AudioEngine.xcframework in Frameworks */ = {isa = PBXBuildFile; fileRef = E5ECFA9B2BED70E80008670F /* AudioEngine.xcframework */; };
		E5338AD12BEAB816002387E1 /* littleWomenDevotional_manifest.json in Resources */ = {isa = PBXBuildFile; fileRef = E5338AD02BEAB816002387E1 /* littleWomenDevotional_manifest.json */; };
		E5338AD52BEABFC3002387E1 /* FindawayAudiobook.swift in Sources */ = {isa = PBXBuildFile; fileRef = E58FCC632BE09ED200943CEB /* FindawayAudiobook.swift */; };
		E53A1B792C3E443200F490CD /* ManifestJSON.swift in Sources */ = {isa = PBXBuildFile; fileRef = E52C1C3F2C00435700D8F30B /* ManifestJSON.swift */; };
		E549653327FBEAC400913BD6 /* flatland_manifest.json in Resources */ = {isa = PBXBuildFile; fileRef = E549653227FBEAC400913BD6 /* flatland_manifest.json */; };
		E549653527FBEB5100913BD6 /* best_new_horror_manifest.json in Resources */ = {isa = PBXBuildFile; fileRef = E549653427FBEB5100913BD6 /* best_new_horror_manifest.json */; };
		E55470142B7C1814003447B8 /* quicksilver_manifest.json in Resources */ = {isa = PBXBuildFile; fileRef = E55470132B7C1814003447B8 /* quicksilver_manifest.json */; };
		E55C93DE2B6C1FD30092E5E6 /* christmas_carol_manifest.json in Resources */ = {isa = PBXBuildFile; fileRef = E55C93DD2B6C1FD30092E5E6 /* christmas_carol_manifest.json */; };
		E55D1D192BBB9E70004FE948 /* OpenAccessPlayer.swift in Sources */ = {isa = PBXBuildFile; fileRef = E55D1D182BBB9E70004FE948 /* OpenAccessPlayer.swift */; };
		E55DE9802BDC0B6300ECB153 /* OverdriveTrack.swift in Sources */ = {isa = PBXBuildFile; fileRef = E55DE97F2BDC0B6300ECB153 /* OverdriveTrack.swift */; };
		E55E2FA429E73ACC0093F916 /* Date+Extensions.swift in Sources */ = {isa = PBXBuildFile; fileRef = E55E2FA329E73ACC0093F916 /* Date+Extensions.swift */; };
		E565D0082BC5DC5800DD20AA /* AudiobookTableOfContents.swift in Sources */ = {isa = PBXBuildFile; fileRef = E5DE01A12BA3E4420063E68E /* AudiobookTableOfContents.swift */; };
		E56C00C62BC3912100A25A97 /* ChapterCell.swift in Sources */ = {isa = PBXBuildFile; fileRef = E56C00C52BC3912100A25A97 /* ChapterCell.swift */; };
		E57105E62C2CB6D200F1F033 /* endOfTheWorld_manifest.json in Resources */ = {isa = PBXBuildFile; fileRef = E57105E52C2CB6D200F1F033 /* endOfTheWorld_manifest.json */; };
		E57282542E4A8FC500CE3DB8 /* StreamingResourceProvider.swift in Sources */ = {isa = PBXBuildFile; fileRef = E57282532E4A8FC500CE3DB8 /* StreamingResourceProvider.swift */; };
		E57282552E4A8FC500CE3DB8 /* LCPStreamingPlayer.swift in Sources */ = {isa = PBXBuildFile; fileRef = E57282522E4A8FC500CE3DB8 /* LCPStreamingPlayer.swift */; };
		E57498C02BB1EED100BCD49C /* OpenAccessAudiobook.swift in Sources */ = {isa = PBXBuildFile; fileRef = E57498BF2BB1EED100BCD49C /* OpenAccessAudiobook.swift */; };
		E57498C62BB31C9F00BCD49C /* Metadata.swift in Sources */ = {isa = PBXBuildFile; fileRef = E57498C52BB31C9F00BCD49C /* Metadata.swift */; };
		E5797E9C2BAA35F40017AB03 /* Audiobook.swift in Sources */ = {isa = PBXBuildFile; fileRef = E5797E9B2BAA35F40017AB03 /* Audiobook.swift */; };
		E57F79D92C17FE6900E99297 /* RetryToolbar.swift in Sources */ = {isa = PBXBuildFile; fileRef = E57F79D82C17FE6900E99297 /* RetryToolbar.swift */; };
		E57FCA222BC8D0ED008D8907 /* DownloadTask.swift in Sources */ = {isa = PBXBuildFile; fileRef = 7BD759C92017CEA3004CE65F /* DownloadTask.swift */; };
		E57FCA252BC8D3D2008D8907 /* OpenAccessTrack.swift in Sources */ = {isa = PBXBuildFile; fileRef = E57FCA242BC8D3D2008D8907 /* OpenAccessTrack.swift */; };
		E57FCA282BC8E768008D8907 /* LCPTrack.swift in Sources */ = {isa = PBXBuildFile; fileRef = E57FCA272BC8E768008D8907 /* LCPTrack.swift */; };
		E58496932BAB6B10003C83E6 /* bocas_manifest.json in Resources */ = {isa = PBXBuildFile; fileRef = E58496922BAB6B10003C83E6 /* bocas_manifest.json */; };
		E58496952BAB6FF1003C83E6 /* secret_lives_manifest.json in Resources */ = {isa = PBXBuildFile; fileRef = E58496942BAB6FF1003C83E6 /* secret_lives_manifest.json */; };
		E588DB3A2C477BE700144A73 /* LoadingView.swift in Sources */ = {isa = PBXBuildFile; fileRef = E588DB392C477BE700144A73 /* LoadingView.swift */; };
		E58C53442B75507100D861EE /* the_system_of_the_world_manifest.json in Resources */ = {isa = PBXBuildFile; fileRef = E58C53432B75507100D861EE /* the_system_of_the_world_manifest.json */; };
		E58C53462B7550B000D861EE /* anathem_manifest.json in Resources */ = {isa = PBXBuildFile; fileRef = E58C53452B7550B000D861EE /* anathem_manifest.json */; };
		E59FCE9A29423E73004FD730 /* PureLayout in Frameworks */ = {isa = PBXBuildFile; productRef = E59FCE9929423E73004FD730 /* PureLayout */; };
		E59FCEC929425F81004FD730 /* Strings.swift in Sources */ = {isa = PBXBuildFile; fileRef = E59FCEC829425F81004FD730 /* Strings.swift */; };
		E5A018BF2936887E003F6D01 /* alice_manifest.json in Resources */ = {isa = PBXBuildFile; fileRef = E5A018BE2936887E003F6D01 /* alice_manifest.json */; };
		E5A018C229368BC2003F6D01 /* the_martian_manifest.json in Resources */ = {isa = PBXBuildFile; fileRef = E5A018C029368B17003F6D01 /* the_martian_manifest.json */; };
		E5A7C3A82943A8920083BE1F /* Transifex in Frameworks */ = {isa = PBXBuildFile; productRef = E5A7C3A72943A8920083BE1F /* Transifex */; };
		E5A7C3AA2943ABF90083BE1F /* TXNativeExtensions.swift in Sources */ = {isa = PBXBuildFile; fileRef = E5A7C3A92943ABF90083BE1F /* TXNativeExtensions.swift */; };
		E5B05DAA2BA4DB4500686897 /* TableOfContentsTests.swift in Sources */ = {isa = PBXBuildFile; fileRef = E5B05DA92BA4DB4500686897 /* TableOfContentsTests.swift */; };
		E5C3820C2BDACB7E00049CF1 /* AVPlayer+Extensions.swift in Sources */ = {isa = PBXBuildFile; fileRef = E5C3820B2BDACB7E00049CF1 /* AVPlayer+Extensions.swift */; };
		E5C8A84F2BCEC18D00F06F14 /* LCPPlayer.swift in Sources */ = {isa = PBXBuildFile; fileRef = E5C8A84E2BCEC18D00F06F14 /* LCPPlayer.swift */; };
		E5CC0CFE2BA8ADA0001BF751 /* TrackPositionTests.swift in Sources */ = {isa = PBXBuildFile; fileRef = E5CC0CFD2BA8ADA0001BF751 /* TrackPositionTests.swift */; };
		E5CC6E7A2BBB295F00C31ABD /* Player.swift in Sources */ = {isa = PBXBuildFile; fileRef = E5CC6E792BBB295F00C31ABD /* Player.swift */; };
		E5D61EF92C3C82D80054029E /* where_the_line_is_drawn_manifest.json in Resources */ = {isa = PBXBuildFile; fileRef = E5D61EF82C3C82D80054029E /* where_the_line_is_drawn_manifest.json */; };
		E5DE01A42BA3E44A0063E68E /* Chapter.swift in Sources */ = {isa = PBXBuildFile; fileRef = E5DE01A32BA3E44A0063E68E /* Chapter.swift */; };
		E5DE01A62BA3E4500063E68E /* TrackPosition.swift in Sources */ = {isa = PBXBuildFile; fileRef = E5DE01A52BA3E4500063E68E /* TrackPosition.swift */; };
		E5DE01A82BA3E4580063E68E /* Track.swift in Sources */ = {isa = PBXBuildFile; fileRef = E5DE01A72BA3E4580063E68E /* Track.swift */; };
		E5DE01AA2BA3E4610063E68E /* Tracks.swift in Sources */ = {isa = PBXBuildFile; fileRef = E5DE01A92BA3E4610063E68E /* Tracks.swift */; };
		E5DE01AC2BA3E47A0063E68E /* Manifest.swift in Sources */ = {isa = PBXBuildFile; fileRef = E5DE01AB2BA3E47A0063E68E /* Manifest.swift */; };
		E5DE01AF2BA3EF360063E68E /* ManifestDecodingTests.swift in Sources */ = {isa = PBXBuildFile; fileRef = E5DE01AE2BA3EF360063E68E /* ManifestDecodingTests.swift */; };
		E5ECFA7C2BED6C050008670F /* FindawayTrack.swift in Sources */ = {isa = PBXBuildFile; fileRef = E5ECFA7B2BED6C050008670F /* FindawayTrack.swift */; };
		E5ECFA7E2BED6C150008670F /* FindawayPlayer.swift in Sources */ = {isa = PBXBuildFile; fileRef = E5ECFA7D2BED6C140008670F /* FindawayPlayer.swift */; };
		E5ECFA802BED6C1D0008670F /* FindawayDownloadTask.swift in Sources */ = {isa = PBXBuildFile; fileRef = E5ECFA7F2BED6C1D0008670F /* FindawayDownloadTask.swift */; };
		E5ECFA822BED6C270008670F /* FindawayAudiobookLifecycleListener.swift in Sources */ = {isa = PBXBuildFile; fileRef = E5ECFA812BED6C270008670F /* FindawayAudiobookLifecycleListener.swift */; };
		E5ECFA852BED6C430008670F /* FindawayDatabaseVerification.swift in Sources */ = {isa = PBXBuildFile; fileRef = E5ECFA842BED6C430008670F /* FindawayDatabaseVerification.swift */; };
		E5ECFA872BED6C4F0008670F /* FindawayPlaybackNotificationHandler.swift in Sources */ = {isa = PBXBuildFile; fileRef = E5ECFA862BED6C4F0008670F /* FindawayPlaybackNotificationHandler.swift */; };
		E5ECFA992BED6D1B0008670F /* FindawayDownloadNotificationHandler.swift in Sources */ = {isa = PBXBuildFile; fileRef = E5ECFA982BED6D1B0008670F /* FindawayDownloadNotificationHandler.swift */; };
		E5F9AD2F2E428FA00092AC59 /* ReadiumShared in Frameworks */ = {isa = PBXBuildFile; productRef = E5F9AD2E2E428FA00092AC59 /* ReadiumShared */; };
		E5F9AD312E428FBD0092AC59 /* LCPResourceLoaderDelegate.swift in Sources */ = {isa = PBXBuildFile; fileRef = E5F9AD302E428FBD0092AC59 /* LCPResourceLoaderDelegate.swift */; };
		E5F9AD332E428FD80092AC59 /* HTTPRangeRetriever.swift in Sources */ = {isa = PBXBuildFile; fileRef = E5F9AD322E428FD80092AC59 /* HTTPRangeRetriever.swift */; };
		E5F9AD372E4290370092AC59 /* RangeResource.swift in Sources */ = {isa = PBXBuildFile; fileRef = E5F9AD362E4290370092AC59 /* RangeResource.swift */; };
		E67CA9A5215C0D320081A10B /* Log.swift in Sources */ = {isa = PBXBuildFile; fileRef = E67CA9A4215C0D320081A10B /* Log.swift */; };
		E71168B82AB453A800629DC7 /* Reachability.swift in Sources */ = {isa = PBXBuildFile; fileRef = E71168B72AB453A800629DC7 /* Reachability.swift */; };
		E71168BC2AB4BEFC00629DC7 /* AudiobookPlayer.swift in Sources */ = {isa = PBXBuildFile; fileRef = E71168BB2AB4BEFC00629DC7 /* AudiobookPlayer.swift */; };
		E71168BE2AB4C4DA00629DC7 /* BoolWithDelay.swift in Sources */ = {isa = PBXBuildFile; fileRef = E71168BD2AB4C4DA00629DC7 /* BoolWithDelay.swift */; };
		E715993C2AA9185A000800A8 /* alice_manifest.json in Resources */ = {isa = PBXBuildFile; fileRef = E5A018BE2936887E003F6D01 /* alice_manifest.json */; };
		E72707E92A54A3930088B86A /* AudiobookPlaybackTrackerDelegate.swift in Sources */ = {isa = PBXBuildFile; fileRef = E72707E82A54A3930088B86A /* AudiobookPlaybackTrackerDelegate.swift */; };
		E785BA312B15323600A12EFA /* PalaceUIKit.framework in Frameworks */ = {isa = PBXBuildFile; fileRef = E7E96BBF2B0E82740036B23A /* PalaceUIKit.framework */; };
		E79266972AB34315009901B7 /* AudiobookNavigationView.swift in Sources */ = {isa = PBXBuildFile; fileRef = E79266962AB34315009901B7 /* AudiobookNavigationView.swift */; };
		E7D1DCDA2ABE273500ADED8D /* AudiobookPlaybackModel.swift in Sources */ = {isa = PBXBuildFile; fileRef = E71168B52AB44B4A00629DC7 /* AudiobookPlaybackModel.swift */; };
		E7E96BD02B10032E0036B23A /* OpenSans-Bold.ttf in Resources */ = {isa = PBXBuildFile; fileRef = E7E96BCC2B0FCD450036B23A /* OpenSans-Bold.ttf */; };
		E7E96BD12B10032E0036B23A /* OpenSans-Regular.ttf in Resources */ = {isa = PBXBuildFile; fileRef = E7E96BCA2B0FCD450036B23A /* OpenSans-Regular.ttf */; };
		E7E96BD22B10032E0036B23A /* OpenSans-SemiBold.ttf in Resources */ = {isa = PBXBuildFile; fileRef = E7E96BCB2B0FCD450036B23A /* OpenSans-SemiBold.ttf */; };
		E7F127BA2A9921BE001ED616 /* AudiobookPlayerView.swift in Sources */ = {isa = PBXBuildFile; fileRef = E7F127B92A9921BE001ED616 /* AudiobookPlayerView.swift */; };
		E7F9BAC22A8E6B72001697DE /* Data+hexString.swift in Sources */ = {isa = PBXBuildFile; fileRef = E7F9BAC12A8E6B72001697DE /* Data+hexString.swift */; };
		E7F9BAC42A8E6E08001697DE /* String+sha256Test.swift in Sources */ = {isa = PBXBuildFile; fileRef = E7F9BAC32A8E6E08001697DE /* String+sha256Test.swift */; };
		E7F9BAE82A8E7F48001697DE /* PublicConstants.swift in Sources */ = {isa = PBXBuildFile; fileRef = E7F9BAE72A8E7F48001697DE /* PublicConstants.swift */; };
/* End PBXBuildFile section */

/* Begin PBXContainerItemProxy section */
		7B544197200EA7C20047B6C6 /* PBXContainerItemProxy */ = {
			isa = PBXContainerItemProxy;
			containerPortal = 7B544183200EA7C20047B6C6 /* Project object */;
			proxyType = 1;
			remoteGlobalIDString = 7B54418B200EA7C20047B6C6;
			remoteInfo = NYPLAudiobookToolkit;
		};
/* End PBXContainerItemProxy section */

/* Begin PBXCopyFilesBuildPhase section */
		E5ECFA9E2BED70E80008670F /* Embed Frameworks */ = {
			isa = PBXCopyFilesBuildPhase;
			buildActionMask = 2147483647;
			dstPath = "";
			dstSubfolderSpec = 10;
			files = (
			);
			name = "Embed Frameworks";
			runOnlyForDeploymentPostprocessing = 0;
		};
/* End PBXCopyFilesBuildPhase section */

/* Begin PBXFileReference section */
		17576CAB248E89DE00E18B4C /* OverdriveDownloadTask.swift */ = {isa = PBXFileReference; fileEncoding = 4; lastKnownFileType = sourcecode.swift; path = OverdriveDownloadTask.swift; sourceTree = "<group>"; };
		178707C724DA505700649567 /* RSAUtils.swift */ = {isa = PBXFileReference; lastKnownFileType = sourcecode.swift; path = RSAUtils.swift; sourceTree = "<group>"; };
		21B26CCF257FBA9F00A60238 /* LCPDownloadTask.swift */ = {isa = PBXFileReference; lastKnownFileType = sourcecode.swift; path = LCPDownloadTask.swift; sourceTree = "<group>"; };
		7B4F1B1F20361546003F047B /* Cursor.swift */ = {isa = PBXFileReference; lastKnownFileType = sourcecode.swift; path = Cursor.swift; sourceTree = "<group>"; };
		7B54418C200EA7C20047B6C6 /* PalaceAudiobookToolkit.framework */ = {isa = PBXFileReference; explicitFileType = wrapper.framework; includeInIndex = 0; path = PalaceAudiobookToolkit.framework; sourceTree = BUILT_PRODUCTS_DIR; };
		7B544190200EA7C20047B6C6 /* Info.plist */ = {isa = PBXFileReference; lastKnownFileType = text.plist.xml; path = Info.plist; sourceTree = "<group>"; };
		7B544195200EA7C20047B6C6 /* PalaceAudiobookToolkitTests.xctest */ = {isa = PBXFileReference; explicitFileType = wrapper.cfbundle; includeInIndex = 0; path = PalaceAudiobookToolkitTests.xctest; sourceTree = BUILT_PRODUCTS_DIR; };
		7B54419C200EA7C20047B6C6 /* Info.plist */ = {isa = PBXFileReference; lastKnownFileType = text.plist.xml; path = Info.plist; sourceTree = "<group>"; };
		7B5441DA200EA82C0047B6C6 /* AudiobookMetadata.swift */ = {isa = PBXFileReference; fileEncoding = 4; lastKnownFileType = sourcecode.swift; path = AudiobookMetadata.swift; sourceTree = "<group>"; };
		7B5441DF200EA82C0047B6C6 /* AudiobookLifecycleManager.swift */ = {isa = PBXFileReference; fileEncoding = 4; lastKnownFileType = sourcecode.swift; path = AudiobookLifecycleManager.swift; sourceTree = "<group>"; };
		7B5441E0200EA82C0047B6C6 /* AudiobookManager.swift */ = {isa = PBXFileReference; fileEncoding = 4; lastKnownFileType = sourcecode.swift; path = AudiobookManager.swift; sourceTree = "<group>"; };
		7B5441F3200FB3EE0047B6C6 /* Media.xcassets */ = {isa = PBXFileReference; lastKnownFileType = folder.assetcatalog; path = Media.xcassets; sourceTree = "<group>"; };
		7B6C1BCF203F1CDA00EB791E /* AudiobookNetworkService.swift */ = {isa = PBXFileReference; lastKnownFileType = sourcecode.swift; path = AudiobookNetworkService.swift; sourceTree = "<group>"; };
		7B6C1BD320405C4D00EB791E /* CursorTests.swift */ = {isa = PBXFileReference; lastKnownFileType = sourcecode.swift; path = CursorTests.swift; sourceTree = "<group>"; };
		7B78545A204DEE8500F6589B /* AudiobookNetworkServiceTest.swift */ = {isa = PBXFileReference; lastKnownFileType = sourcecode.swift; path = AudiobookNetworkServiceTest.swift; sourceTree = "<group>"; };
		7B78545C204DEE9900F6589B /* DownloadTaskMock.swift */ = {isa = PBXFileReference; lastKnownFileType = sourcecode.swift; path = DownloadTaskMock.swift; sourceTree = "<group>"; };
		7B7B370720211CE100030A1E /* OpenAccessDownloadTask.swift */ = {isa = PBXFileReference; lastKnownFileType = sourcecode.swift; path = OpenAccessDownloadTask.swift; sourceTree = "<group>"; };
		7B8026A2206AB0AF00012808 /* HumanReadablePlaybackRate.swift */ = {isa = PBXFileReference; lastKnownFileType = sourcecode.swift; path = HumanReadablePlaybackRate.swift; sourceTree = "<group>"; };
		7BBF4DFB20506FF600700731 /* SleepTimer.swift */ = {isa = PBXFileReference; lastKnownFileType = sourcecode.swift; path = SleepTimer.swift; sourceTree = "<group>"; };
		7BBF4DFD2050850A00700731 /* SleepTimerTests.swift */ = {isa = PBXFileReference; lastKnownFileType = sourcecode.swift; path = SleepTimerTests.swift; sourceTree = "<group>"; };
		7BBF4DFF2050856400700731 /* PlayerMock.swift */ = {isa = PBXFileReference; lastKnownFileType = sourcecode.swift; path = PlayerMock.swift; sourceTree = "<group>"; };
		7BD759B720127E31004CE65F /* MediaPlayer.framework */ = {isa = PBXFileReference; lastKnownFileType = wrapper.framework; name = MediaPlayer.framework; path = System/Library/Frameworks/MediaPlayer.framework; sourceTree = SDKROOT; };
		7BD759C92017CEA3004CE65F /* DownloadTask.swift */ = {isa = PBXFileReference; lastKnownFileType = sourcecode.swift; path = DownloadTask.swift; sourceTree = "<group>"; };
		7BD759CB20191980004CE65F /* CoreData.framework */ = {isa = PBXFileReference; lastKnownFileType = wrapper.framework; name = CoreData.framework; path = System/Library/Frameworks/CoreData.framework; sourceTree = SDKROOT; };
		7BD8E4F9206EB49D008ED3F1 /* VoiceOverTimestamp.swift */ = {isa = PBXFileReference; lastKnownFileType = sourcecode.swift; path = VoiceOverTimestamp.swift; sourceTree = "<group>"; };
		7BD8E4FB20753BC6008ED3F1 /* Bundle.swift */ = {isa = PBXFileReference; lastKnownFileType = sourcecode.swift; path = Bundle.swift; sourceTree = "<group>"; };
		7BDD33AE204461A000CC8807 /* HumanReadableTimestamp.swift */ = {isa = PBXFileReference; lastKnownFileType = sourcecode.swift; path = HumanReadableTimestamp.swift; sourceTree = "<group>"; };
		7BDD33B220470A7000CC8807 /* HumanReadablePercentage.swift */ = {isa = PBXFileReference; lastKnownFileType = sourcecode.swift; path = HumanReadablePercentage.swift; sourceTree = "<group>"; };
		7BF3C445205B0A010056D46B /* HumanReadableTimeRemaining.swift */ = {isa = PBXFileReference; lastKnownFileType = sourcecode.swift; path = HumanReadableTimeRemaining.swift; sourceTree = "<group>"; };
		8C218AE7242C4C8500C53F0A /* AVPlayer+Description.swift */ = {isa = PBXFileReference; lastKnownFileType = sourcecode.swift; path = "AVPlayer+Description.swift"; sourceTree = "<group>"; };
		8C3CDB032422AB060020FC0B /* JSONUtilsTest.swift */ = {isa = PBXFileReference; lastKnownFileType = sourcecode.swift; path = JSONUtilsTest.swift; sourceTree = "<group>"; };
		8C3CDB062422D85E0020FC0B /* Data+Base64.swift */ = {isa = PBXFileReference; lastKnownFileType = sourcecode.swift; path = "Data+Base64.swift"; sourceTree = "<group>"; };
		8C3CDB0D2422E7F40020FC0B /* String+Extensions.swift */ = {isa = PBXFileReference; lastKnownFileType = sourcecode.swift; path = "String+Extensions.swift"; sourceTree = "<group>"; };
		8C3CDB0F2422E82C0020FC0B /* HmacAlgorithm.swift */ = {isa = PBXFileReference; lastKnownFileType = sourcecode.swift; path = HmacAlgorithm.swift; sourceTree = "<group>"; };
		8C3F7111242BDDAF00E5C810 /* URLRequest+Curl.swift */ = {isa = PBXFileReference; lastKnownFileType = sourcecode.swift; path = "URLRequest+Curl.swift"; sourceTree = "<group>"; };
		8C6CD8A9240D9F8A00E2DFB0 /* JSONUtils.swift */ = {isa = PBXFileReference; lastKnownFileType = sourcecode.swift; path = JSONUtils.swift; sourceTree = "<group>"; };
		8C6CD8AC240DB3C000E2DFB0 /* FeedbookDRMProcessor.swift */ = {isa = PBXFileReference; lastKnownFileType = sourcecode.swift; path = FeedbookDRMProcessor.swift; sourceTree = "<group>"; };
		8C7956AC241175A60063D84F /* jwt_shared_secret.txt */ = {isa = PBXFileReference; fileEncoding = 4; lastKnownFileType = text; path = jwt_shared_secret.txt; sourceTree = "<group>"; };
		8C882C942409B04F0000CA59 /* DateUtils.swift */ = {isa = PBXFileReference; lastKnownFileType = sourcecode.swift; path = DateUtils.swift; sourceTree = "<group>"; };
		8CD8A20E243E7A0D009DA4CC /* Data+BigEndianTest.swift */ = {isa = PBXFileReference; lastKnownFileType = sourcecode.swift; path = "Data+BigEndianTest.swift"; sourceTree = "<group>"; };
		8CF57BD9243277180053C31E /* MediaProcessor.swift */ = {isa = PBXFileReference; lastKnownFileType = sourcecode.swift; path = MediaProcessor.swift; sourceTree = "<group>"; };
		8CF57BDB2432788C0053C31E /* Data+BigEndian.swift */ = {isa = PBXFileReference; lastKnownFileType = sourcecode.swift; path = "Data+BigEndian.swift"; sourceTree = "<group>"; };
		A9DC9CFC220547F800D122F2 /* ErrorDescriptions.swift */ = {isa = PBXFileReference; lastKnownFileType = sourcecode.swift; path = ErrorDescriptions.swift; sourceTree = "<group>"; };
		D5A0909B2B97986500C0FF2F /* theBigFail_manifest.json */ = {isa = PBXFileReference; fileEncoding = 4; lastKnownFileType = text.json; path = theBigFail_manifest.json; sourceTree = "<group>"; };
		E50121732BB493670049730D /* animalFarm_manifest.json */ = {isa = PBXFileReference; lastKnownFileType = text.json; path = animalFarm_manifest.json; sourceTree = "<group>"; };
		E503256C27FE8EFA00317F68 /* Array+Extensions.swift */ = {isa = PBXFileReference; lastKnownFileType = sourcecode.swift; path = "Array+Extensions.swift"; sourceTree = "<group>"; };
		E5041F772BBF36B600AE363E /* MediaControlPublisher.swift */ = {isa = PBXFileReference; lastKnownFileType = sourcecode.swift; path = MediaControlPublisher.swift; sourceTree = "<group>"; };
		E5158C5C2935B6FA0007ABDB /* PureLayout.xcframework */ = {isa = PBXFileReference; lastKnownFileType = wrapper.xcframework; name = PureLayout.xcframework; path = "/Users/mauricework/PalaceProject/ios-core/ios-drm-audioengine/../Carthage/Build/PureLayout.xcframework"; sourceTree = "<absolute>"; };
		E51919DA2B50924000C08E86 /* URLRequest+Extensions.swift */ = {isa = PBXFileReference; lastKnownFileType = sourcecode.swift; path = "URLRequest+Extensions.swift"; sourceTree = "<group>"; };
		E523126B286E3C5A007D1DB5 /* TimeInterval+Extensions.swift */ = {isa = PBXFileReference; lastKnownFileType = sourcecode.swift; path = "TimeInterval+Extensions.swift"; sourceTree = "<group>"; };
		E52C1C3F2C00435700D8F30B /* ManifestJSON.swift */ = {isa = PBXFileReference; lastKnownFileType = sourcecode.swift; path = ManifestJSON.swift; sourceTree = "<group>"; };
		E530532F29B69B91005E831F /* snowcrash_manifest.json */ = {isa = PBXFileReference; lastKnownFileType = text.json; path = snowcrash_manifest.json; sourceTree = "<group>"; };
		E5338AD02BEAB816002387E1 /* littleWomenDevotional_manifest.json */ = {isa = PBXFileReference; lastKnownFileType = text.json; path = littleWomenDevotional_manifest.json; sourceTree = "<group>"; };
		E549653227FBEAC400913BD6 /* flatland_manifest.json */ = {isa = PBXFileReference; lastKnownFileType = text.json; path = flatland_manifest.json; sourceTree = "<group>"; };
		E549653427FBEB5100913BD6 /* best_new_horror_manifest.json */ = {isa = PBXFileReference; lastKnownFileType = text.json; path = best_new_horror_manifest.json; sourceTree = "<group>"; };
		E55470132B7C1814003447B8 /* quicksilver_manifest.json */ = {isa = PBXFileReference; lastKnownFileType = text.json; path = quicksilver_manifest.json; sourceTree = "<group>"; };
		E55C93DD2B6C1FD30092E5E6 /* christmas_carol_manifest.json */ = {isa = PBXFileReference; lastKnownFileType = text.json; path = christmas_carol_manifest.json; sourceTree = "<group>"; };
		E55D1D182BBB9E70004FE948 /* OpenAccessPlayer.swift */ = {isa = PBXFileReference; lastKnownFileType = sourcecode.swift; path = OpenAccessPlayer.swift; sourceTree = "<group>"; };
		E55DE97F2BDC0B6300ECB153 /* OverdriveTrack.swift */ = {isa = PBXFileReference; lastKnownFileType = sourcecode.swift; path = OverdriveTrack.swift; sourceTree = "<group>"; };
		E55E2FA329E73ACC0093F916 /* Date+Extensions.swift */ = {isa = PBXFileReference; lastKnownFileType = sourcecode.swift; path = "Date+Extensions.swift"; sourceTree = "<group>"; };
		E56C00C52BC3912100A25A97 /* ChapterCell.swift */ = {isa = PBXFileReference; lastKnownFileType = sourcecode.swift; path = ChapterCell.swift; sourceTree = "<group>"; };
		E57105E52C2CB6D200F1F033 /* endOfTheWorld_manifest.json */ = {isa = PBXFileReference; lastKnownFileType = text.json; path = endOfTheWorld_manifest.json; sourceTree = "<group>"; };
		E57282522E4A8FC500CE3DB8 /* LCPStreamingPlayer.swift */ = {isa = PBXFileReference; lastKnownFileType = sourcecode.swift; path = LCPStreamingPlayer.swift; sourceTree = "<group>"; };
		E57282532E4A8FC500CE3DB8 /* StreamingResourceProvider.swift */ = {isa = PBXFileReference; lastKnownFileType = sourcecode.swift; path = StreamingResourceProvider.swift; sourceTree = "<group>"; };
		E57498BF2BB1EED100BCD49C /* OpenAccessAudiobook.swift */ = {isa = PBXFileReference; lastKnownFileType = sourcecode.swift; path = OpenAccessAudiobook.swift; sourceTree = "<group>"; };
		E57498C52BB31C9F00BCD49C /* Metadata.swift */ = {isa = PBXFileReference; lastKnownFileType = sourcecode.swift; path = Metadata.swift; sourceTree = "<group>"; };
		E5797E9B2BAA35F40017AB03 /* Audiobook.swift */ = {isa = PBXFileReference; lastKnownFileType = sourcecode.swift; path = Audiobook.swift; sourceTree = "<group>"; };
		E57F79D82C17FE6900E99297 /* RetryToolbar.swift */ = {isa = PBXFileReference; lastKnownFileType = sourcecode.swift; path = RetryToolbar.swift; sourceTree = "<group>"; };
		E57FCA242BC8D3D2008D8907 /* OpenAccessTrack.swift */ = {isa = PBXFileReference; lastKnownFileType = sourcecode.swift; path = OpenAccessTrack.swift; sourceTree = "<group>"; };
		E57FCA272BC8E768008D8907 /* LCPTrack.swift */ = {isa = PBXFileReference; lastKnownFileType = sourcecode.swift; path = LCPTrack.swift; sourceTree = "<group>"; };
		E58496922BAB6B10003C83E6 /* bocas_manifest.json */ = {isa = PBXFileReference; lastKnownFileType = text.json; path = bocas_manifest.json; sourceTree = "<group>"; };
		E58496942BAB6FF1003C83E6 /* secret_lives_manifest.json */ = {isa = PBXFileReference; lastKnownFileType = text.json; path = secret_lives_manifest.json; sourceTree = "<group>"; };
		E588DB392C477BE700144A73 /* LoadingView.swift */ = {isa = PBXFileReference; lastKnownFileType = sourcecode.swift; path = LoadingView.swift; sourceTree = "<group>"; };
		E58C53432B75507100D861EE /* the_system_of_the_world_manifest.json */ = {isa = PBXFileReference; fileEncoding = 4; lastKnownFileType = text.json; path = the_system_of_the_world_manifest.json; sourceTree = "<group>"; };
		E58C53452B7550B000D861EE /* anathem_manifest.json */ = {isa = PBXFileReference; fileEncoding = 4; lastKnownFileType = text.json; path = anathem_manifest.json; sourceTree = "<group>"; };
		E58FCC632BE09ED200943CEB /* FindawayAudiobook.swift */ = {isa = PBXFileReference; fileEncoding = 4; lastKnownFileType = sourcecode.swift; path = FindawayAudiobook.swift; sourceTree = "<group>"; };
		E59FCEC829425F81004FD730 /* Strings.swift */ = {isa = PBXFileReference; lastKnownFileType = sourcecode.swift; path = Strings.swift; sourceTree = "<group>"; };
		E5A018BE2936887E003F6D01 /* alice_manifest.json */ = {isa = PBXFileReference; fileEncoding = 4; lastKnownFileType = text.json; path = alice_manifest.json; sourceTree = "<group>"; };
		E5A018C029368B17003F6D01 /* the_martian_manifest.json */ = {isa = PBXFileReference; lastKnownFileType = text.json; path = the_martian_manifest.json; sourceTree = "<group>"; };
		E5A7C3A92943ABF90083BE1F /* TXNativeExtensions.swift */ = {isa = PBXFileReference; fileEncoding = 4; lastKnownFileType = sourcecode.swift; path = TXNativeExtensions.swift; sourceTree = "<group>"; };
		E5B05DA92BA4DB4500686897 /* TableOfContentsTests.swift */ = {isa = PBXFileReference; lastKnownFileType = sourcecode.swift; path = TableOfContentsTests.swift; sourceTree = "<group>"; };
		E5C3820B2BDACB7E00049CF1 /* AVPlayer+Extensions.swift */ = {isa = PBXFileReference; lastKnownFileType = sourcecode.swift; path = "AVPlayer+Extensions.swift"; sourceTree = "<group>"; };
		E5C8A84E2BCEC18D00F06F14 /* LCPPlayer.swift */ = {isa = PBXFileReference; lastKnownFileType = sourcecode.swift; path = LCPPlayer.swift; sourceTree = "<group>"; };
		E5CC0CFD2BA8ADA0001BF751 /* TrackPositionTests.swift */ = {isa = PBXFileReference; lastKnownFileType = sourcecode.swift; path = TrackPositionTests.swift; sourceTree = "<group>"; };
		E5CC6E792BBB295F00C31ABD /* Player.swift */ = {isa = PBXFileReference; lastKnownFileType = sourcecode.swift; path = Player.swift; sourceTree = "<group>"; };
		E5D61EF82C3C82D80054029E /* where_the_line_is_drawn_manifest.json */ = {isa = PBXFileReference; lastKnownFileType = text.json; path = where_the_line_is_drawn_manifest.json; sourceTree = "<group>"; };
		E5DE01A12BA3E4420063E68E /* AudiobookTableOfContents.swift */ = {isa = PBXFileReference; lastKnownFileType = sourcecode.swift; path = AudiobookTableOfContents.swift; sourceTree = "<group>"; };
		E5DE01A32BA3E44A0063E68E /* Chapter.swift */ = {isa = PBXFileReference; lastKnownFileType = sourcecode.swift; path = Chapter.swift; sourceTree = "<group>"; };
		E5DE01A52BA3E4500063E68E /* TrackPosition.swift */ = {isa = PBXFileReference; lastKnownFileType = sourcecode.swift; path = TrackPosition.swift; sourceTree = "<group>"; };
		E5DE01A72BA3E4580063E68E /* Track.swift */ = {isa = PBXFileReference; lastKnownFileType = sourcecode.swift; path = Track.swift; sourceTree = "<group>"; };
		E5DE01A92BA3E4610063E68E /* Tracks.swift */ = {isa = PBXFileReference; lastKnownFileType = sourcecode.swift; path = Tracks.swift; sourceTree = "<group>"; };
		E5DE01AB2BA3E47A0063E68E /* Manifest.swift */ = {isa = PBXFileReference; lastKnownFileType = sourcecode.swift; path = Manifest.swift; sourceTree = "<group>"; };
		E5DE01AE2BA3EF360063E68E /* ManifestDecodingTests.swift */ = {isa = PBXFileReference; lastKnownFileType = sourcecode.swift; path = ManifestDecodingTests.swift; sourceTree = "<group>"; };
		E5ECFA7B2BED6C050008670F /* FindawayTrack.swift */ = {isa = PBXFileReference; fileEncoding = 4; lastKnownFileType = sourcecode.swift; path = FindawayTrack.swift; sourceTree = "<group>"; };
		E5ECFA7D2BED6C140008670F /* FindawayPlayer.swift */ = {isa = PBXFileReference; fileEncoding = 4; lastKnownFileType = sourcecode.swift; path = FindawayPlayer.swift; sourceTree = "<group>"; };
		E5ECFA7F2BED6C1D0008670F /* FindawayDownloadTask.swift */ = {isa = PBXFileReference; fileEncoding = 4; lastKnownFileType = sourcecode.swift; path = FindawayDownloadTask.swift; sourceTree = "<group>"; };
		E5ECFA812BED6C270008670F /* FindawayAudiobookLifecycleListener.swift */ = {isa = PBXFileReference; fileEncoding = 4; lastKnownFileType = sourcecode.swift; path = FindawayAudiobookLifecycleListener.swift; sourceTree = "<group>"; };
		E5ECFA842BED6C430008670F /* FindawayDatabaseVerification.swift */ = {isa = PBXFileReference; fileEncoding = 4; lastKnownFileType = sourcecode.swift; path = FindawayDatabaseVerification.swift; sourceTree = "<group>"; };
		E5ECFA862BED6C4F0008670F /* FindawayPlaybackNotificationHandler.swift */ = {isa = PBXFileReference; fileEncoding = 4; lastKnownFileType = sourcecode.swift; path = FindawayPlaybackNotificationHandler.swift; sourceTree = "<group>"; };
		E5ECFA982BED6D1B0008670F /* FindawayDownloadNotificationHandler.swift */ = {isa = PBXFileReference; fileEncoding = 4; lastKnownFileType = sourcecode.swift; path = FindawayDownloadNotificationHandler.swift; sourceTree = "<group>"; };
		E5ECFA9B2BED70E80008670F /* AudioEngine.xcframework */ = {isa = PBXFileReference; lastKnownFileType = wrapper.xcframework; name = AudioEngine.xcframework; path = ../Carthage/Build/AudioEngine.xcframework; sourceTree = "<group>"; };
		E5F9AD302E428FBD0092AC59 /* LCPResourceLoaderDelegate.swift */ = {isa = PBXFileReference; lastKnownFileType = sourcecode.swift; path = LCPResourceLoaderDelegate.swift; sourceTree = "<group>"; };
		E5F9AD322E428FD80092AC59 /* HTTPRangeRetriever.swift */ = {isa = PBXFileReference; lastKnownFileType = sourcecode.swift; path = HTTPRangeRetriever.swift; sourceTree = "<group>"; };
		E5F9AD362E4290370092AC59 /* RangeResource.swift */ = {isa = PBXFileReference; lastKnownFileType = sourcecode.swift; path = RangeResource.swift; sourceTree = "<group>"; };
		E67CA9A4215C0D320081A10B /* Log.swift */ = {isa = PBXFileReference; lastKnownFileType = sourcecode.swift; path = Log.swift; sourceTree = "<group>"; };
		E71168B52AB44B4A00629DC7 /* AudiobookPlaybackModel.swift */ = {isa = PBXFileReference; lastKnownFileType = sourcecode.swift; path = AudiobookPlaybackModel.swift; sourceTree = "<group>"; };
		E71168B72AB453A800629DC7 /* Reachability.swift */ = {isa = PBXFileReference; lastKnownFileType = sourcecode.swift; path = Reachability.swift; sourceTree = "<group>"; };
		E71168BB2AB4BEFC00629DC7 /* AudiobookPlayer.swift */ = {isa = PBXFileReference; lastKnownFileType = sourcecode.swift; path = AudiobookPlayer.swift; sourceTree = "<group>"; };
		E71168BD2AB4C4DA00629DC7 /* BoolWithDelay.swift */ = {isa = PBXFileReference; lastKnownFileType = sourcecode.swift; path = BoolWithDelay.swift; sourceTree = "<group>"; };
		E72707E82A54A3930088B86A /* AudiobookPlaybackTrackerDelegate.swift */ = {isa = PBXFileReference; lastKnownFileType = sourcecode.swift; path = AudiobookPlaybackTrackerDelegate.swift; sourceTree = "<group>"; };
		E79266962AB34315009901B7 /* AudiobookNavigationView.swift */ = {isa = PBXFileReference; lastKnownFileType = sourcecode.swift; path = AudiobookNavigationView.swift; sourceTree = "<group>"; };
		E7E96BBF2B0E82740036B23A /* PalaceUIKit.framework */ = {isa = PBXFileReference; explicitFileType = wrapper.framework; path = PalaceUIKit.framework; sourceTree = BUILT_PRODUCTS_DIR; };
		E7E96BCA2B0FCD450036B23A /* OpenSans-Regular.ttf */ = {isa = PBXFileReference; lastKnownFileType = file; path = "OpenSans-Regular.ttf"; sourceTree = "<group>"; };
		E7E96BCB2B0FCD450036B23A /* OpenSans-SemiBold.ttf */ = {isa = PBXFileReference; lastKnownFileType = file; path = "OpenSans-SemiBold.ttf"; sourceTree = "<group>"; };
		E7E96BCC2B0FCD450036B23A /* OpenSans-Bold.ttf */ = {isa = PBXFileReference; lastKnownFileType = file; path = "OpenSans-Bold.ttf"; sourceTree = "<group>"; };
		E7F127B92A9921BE001ED616 /* AudiobookPlayerView.swift */ = {isa = PBXFileReference; lastKnownFileType = sourcecode.swift; path = AudiobookPlayerView.swift; sourceTree = "<group>"; };
		E7F9BAC12A8E6B72001697DE /* Data+hexString.swift */ = {isa = PBXFileReference; lastKnownFileType = sourcecode.swift; path = "Data+hexString.swift"; sourceTree = "<group>"; };
		E7F9BAC32A8E6E08001697DE /* String+sha256Test.swift */ = {isa = PBXFileReference; lastKnownFileType = sourcecode.swift; path = "String+sha256Test.swift"; sourceTree = "<group>"; };
		E7F9BAE72A8E7F48001697DE /* PublicConstants.swift */ = {isa = PBXFileReference; lastKnownFileType = sourcecode.swift; path = PublicConstants.swift; sourceTree = "<group>"; };
/* End PBXFileReference section */

/* Begin PBXFrameworksBuildPhase section */
		7B544188200EA7C20047B6C6 /* Frameworks */ = {
			isa = PBXFrameworksBuildPhase;
			buildActionMask = 2147483647;
			files = (
				E531FF072D0691D70003E2FA /* AudioEngine.xcframework in Frameworks */,
				E5F9AD2F2E428FA00092AC59 /* ReadiumShared in Frameworks */,
				E59FCE9A29423E73004FD730 /* PureLayout in Frameworks */,
				E785BA312B15323600A12EFA /* PalaceUIKit.framework in Frameworks */,
				7BD759B820127E32004CE65F /* MediaPlayer.framework in Frameworks */,
				E5A7C3A82943A8920083BE1F /* Transifex in Frameworks */,
			);
			runOnlyForDeploymentPostprocessing = 0;
		};
		7B544192200EA7C20047B6C6 /* Frameworks */ = {
			isa = PBXFrameworksBuildPhase;
			buildActionMask = 2147483647;
			files = (
				7B544196200EA7C20047B6C6 /* PalaceAudiobookToolkit.framework in Frameworks */,
			);
			runOnlyForDeploymentPostprocessing = 0;
		};
/* End PBXFrameworksBuildPhase section */

/* Begin PBXGroup section */
		7B544182200EA7C20047B6C6 = {
			isa = PBXGroup;
			children = (
				7B54418E200EA7C20047B6C6 /* PalaceAudiobookToolkit */,
				7B544199200EA7C20047B6C6 /* PalaceAudiobookToolkitTests */,
				7B54418D200EA7C20047B6C6 /* Products */,
				7B5441E8200EA8740047B6C6 /* Frameworks */,
			);
			indentWidth = 4;
			sourceTree = "<group>";
			tabWidth = 4;
		};
		7B54418D200EA7C20047B6C6 /* Products */ = {
			isa = PBXGroup;
			children = (
				7B54418C200EA7C20047B6C6 /* PalaceAudiobookToolkit.framework */,
				7B544195200EA7C20047B6C6 /* PalaceAudiobookToolkitTests.xctest */,
			);
			name = Products;
			sourceTree = "<group>";
		};
		7B54418E200EA7C20047B6C6 /* PalaceAudiobookToolkit */ = {
			isa = PBXGroup;
			children = (
				7B987FDA201B88FF00A94B12 /* Core */,
				8C6CD8AB240DB39300E2DFB0 /* DRM */,
				7BD759C120168FF5004CE65F /* Network */,
				7B7B3709202274C400030A1E /* Player */,
				E72707EA2A54A3A80088B86A /* Tracker */,
				8C7956AB2411757F0063D84F /* Resources */,
				8C3CDB052422D8460020FC0B /* Extensions */,
				E7F127B82A992194001ED616 /* UI */,
				8C882C932409B0320000CA59 /* Utils */,
				E785BA2D2B152D5700A12EFA /* Supporting Files */,
				7B544190200EA7C20047B6C6 /* Info.plist */,
				7B5441F3200FB3EE0047B6C6 /* Media.xcassets */,
			);
			path = PalaceAudiobookToolkit;
			sourceTree = "<group>";
		};
		7B544199200EA7C20047B6C6 /* PalaceAudiobookToolkitTests */ = {
			isa = PBXGroup;
			children = (
				E549653127FBEAA900913BD6 /* TestResources */,
				7B54419C200EA7C20047B6C6 /* Info.plist */,
				7B78545A204DEE8500F6589B /* AudiobookNetworkServiceTest.swift */,
				7B6C1BD320405C4D00EB791E /* CursorTests.swift */,
				8CD8A20E243E7A0D009DA4CC /* Data+BigEndianTest.swift */,
				7B78545C204DEE9900F6589B /* DownloadTaskMock.swift */,
				8C3CDB032422AB060020FC0B /* JSONUtilsTest.swift */,
				7BBF4DFF2050856400700731 /* PlayerMock.swift */,
				7BBF4DFD2050850A00700731 /* SleepTimerTests.swift */,
				E5DE01AE2BA3EF360063E68E /* ManifestDecodingTests.swift */,
				E5B05DA92BA4DB4500686897 /* TableOfContentsTests.swift */,
				E5CC0CFD2BA8ADA0001BF751 /* TrackPositionTests.swift */,
				E5CC0CFF2BA8B6EC001BF751 /* Mocks */,
				E7F9BAC32A8E6E08001697DE /* String+sha256Test.swift */,
				E52C1C3F2C00435700D8F30B /* ManifestJSON.swift */,
			);
			path = PalaceAudiobookToolkitTests;
			sourceTree = "<group>";
		};
		7B5441E8200EA8740047B6C6 /* Frameworks */ = {
			isa = PBXGroup;
			children = (
				E5ECFA9B2BED70E80008670F /* AudioEngine.xcframework */,
				E7E96BBF2B0E82740036B23A /* PalaceUIKit.framework */,
				E5158C5C2935B6FA0007ABDB /* PureLayout.xcframework */,
				7BD759CB20191980004CE65F /* CoreData.framework */,
				7BD759B720127E31004CE65F /* MediaPlayer.framework */,
			);
			name = Frameworks;
			sourceTree = "<group>";
		};
		7B7B3709202274C400030A1E /* Player */ = {
			isa = PBXGroup;
			children = (
				E5F9AD362E4290370092AC59 /* RangeResource.swift */,
				E57282522E4A8FC500CE3DB8 /* LCPStreamingPlayer.swift */,
				E57282532E4A8FC500CE3DB8 /* StreamingResourceProvider.swift */,
				E5F9AD322E428FD80092AC59 /* HTTPRangeRetriever.swift */,
				E5F9AD302E428FBD0092AC59 /* LCPResourceLoaderDelegate.swift */,
				E5CC6E792BBB295F00C31ABD /* Player.swift */,
				E5C8A84E2BCEC18D00F06F14 /* LCPPlayer.swift */,
				E5ECFA7D2BED6C140008670F /* FindawayPlayer.swift */,
				E55D1D182BBB9E70004FE948 /* OpenAccessPlayer.swift */,
				E5DE01A02BA3E1830063E68E /* Helpers */,
			);
			path = Player;
			sourceTree = "<group>";
		};
		7B987FDA201B88FF00A94B12 /* Core */ = {
			isa = PBXGroup;
			children = (
				E5797E9B2BAA35F40017AB03 /* Audiobook.swift */,
				E57498BF2BB1EED100BCD49C /* OpenAccessAudiobook.swift */,
				E58FCC632BE09ED200943CEB /* FindawayAudiobook.swift */,
				7B5441E0200EA82C0047B6C6 /* AudiobookManager.swift */,
				7B5441DA200EA82C0047B6C6 /* AudiobookMetadata.swift */,
				7BD8E4FB20753BC6008ED3F1 /* Bundle.swift */,
				7B4F1B1F20361546003F047B /* Cursor.swift */,
				A9DC9CFC220547F800D122F2 /* ErrorDescriptions.swift */,
				7BDD33B220470A7000CC8807 /* HumanReadablePercentage.swift */,
				7B8026A2206AB0AF00012808 /* HumanReadablePlaybackRate.swift */,
				7BF3C445205B0A010056D46B /* HumanReadableTimeRemaining.swift */,
				7BDD33AE204461A000CC8807 /* HumanReadableTimestamp.swift */,
				E67CA9A4215C0D320081A10B /* Log.swift */,
				7BD8E4F9206EB49D008ED3F1 /* VoiceOverTimestamp.swift */,
				E5041F772BBF36B600AE363E /* MediaControlPublisher.swift */,
			);
			path = Core;
			sourceTree = "<group>";
		};
		7BD759C120168FF5004CE65F /* Network */ = {
			isa = PBXGroup;
			children = (
				7B6C1BCF203F1CDA00EB791E /* AudiobookNetworkService.swift */,
				E71168B72AB453A800629DC7 /* Reachability.swift */,
				7BD759C92017CEA3004CE65F /* DownloadTask.swift */,
				7B7B370720211CE100030A1E /* OpenAccessDownloadTask.swift */,
				E5ECFA7F2BED6C1D0008670F /* FindawayDownloadTask.swift */,
				17576CAB248E89DE00E18B4C /* OverdriveDownloadTask.swift */,
				21B26CCF257FBA9F00A60238 /* LCPDownloadTask.swift */,
			);
			path = Network;
			sourceTree = "<group>";
		};
		8C3CDB052422D8460020FC0B /* Extensions */ = {
			isa = PBXGroup;
			children = (
				8C218AE7242C4C8500C53F0A /* AVPlayer+Description.swift */,
				8C3CDB062422D85E0020FC0B /* Data+Base64.swift */,
				8CF57BDB2432788C0053C31E /* Data+BigEndian.swift */,
				E7F9BAC12A8E6B72001697DE /* Data+hexString.swift */,
				8C3CDB0D2422E7F40020FC0B /* String+Extensions.swift */,
				8C3F7111242BDDAF00E5C810 /* URLRequest+Curl.swift */,
				E503256C27FE8EFA00317F68 /* Array+Extensions.swift */,
				E523126B286E3C5A007D1DB5 /* TimeInterval+Extensions.swift */,
				E55E2FA329E73ACC0093F916 /* Date+Extensions.swift */,
			);
			path = Extensions;
			sourceTree = "<group>";
		};
		8C6CD8AB240DB39300E2DFB0 /* DRM */ = {
			isa = PBXGroup;
			children = (
				8C6CD8AC240DB3C000E2DFB0 /* FeedbookDRMProcessor.swift */,
				8C3CDB0F2422E82C0020FC0B /* HmacAlgorithm.swift */,
			);
			path = DRM;
			sourceTree = "<group>";
		};
		8C7956AB2411757F0063D84F /* Resources */ = {
			isa = PBXGroup;
			children = (
				8C7956AC241175A60063D84F /* jwt_shared_secret.txt */,
			);
			path = Resources;
			sourceTree = "<group>";
		};
		8C882C932409B0320000CA59 /* Utils */ = {
			isa = PBXGroup;
			children = (
				E7F9BAE72A8E7F48001697DE /* PublicConstants.swift */,
				E5A7C3A92943ABF90083BE1F /* TXNativeExtensions.swift */,
				8C882C942409B04F0000CA59 /* DateUtils.swift */,
				8C6CD8A9240D9F8A00E2DFB0 /* JSONUtils.swift */,
				8CF57BD9243277180053C31E /* MediaProcessor.swift */,
				178707C724DA505700649567 /* RSAUtils.swift */,
				E59FCEC829425F81004FD730 /* Strings.swift */,
				E71168BD2AB4C4DA00629DC7 /* BoolWithDelay.swift */,
				E51919DA2B50924000C08E86 /* URLRequest+Extensions.swift */,
			);
			path = Utils;
			sourceTree = "<group>";
		};
		E549653127FBEAA900913BD6 /* TestResources */ = {
			isa = PBXGroup;
			children = (
				E50121732BB493670049730D /* animalFarm_manifest.json */,
				D5A0909B2B97986500C0FF2F /* theBigFail_manifest.json */,
				E549653427FBEB5100913BD6 /* best_new_horror_manifest.json */,
				E549653227FBEAC400913BD6 /* flatland_manifest.json */,
				E530532F29B69B91005E831F /* snowcrash_manifest.json */,
				E5A018BE2936887E003F6D01 /* alice_manifest.json */,
				E58C53452B7550B000D861EE /* anathem_manifest.json */,
				E58C53432B75507100D861EE /* the_system_of_the_world_manifest.json */,
				E5A018C029368B17003F6D01 /* the_martian_manifest.json */,
				E55C93DD2B6C1FD30092E5E6 /* christmas_carol_manifest.json */,
				E55470132B7C1814003447B8 /* quicksilver_manifest.json */,
				E58496922BAB6B10003C83E6 /* bocas_manifest.json */,
				E58496942BAB6FF1003C83E6 /* secret_lives_manifest.json */,
				E5338AD02BEAB816002387E1 /* littleWomenDevotional_manifest.json */,
				E57105E52C2CB6D200F1F033 /* endOfTheWorld_manifest.json */,
				E5D61EF82C3C82D80054029E /* where_the_line_is_drawn_manifest.json */,
			);
			path = TestResources;
			sourceTree = "<group>";
		};
		E57FCA232BC8D3C0008D8907 /* Tracks */ = {
			isa = PBXGroup;
			children = (
				E5DE01A92BA3E4610063E68E /* Tracks.swift */,
				E5DE01A72BA3E4580063E68E /* Track.swift */,
				E57FCA272BC8E768008D8907 /* LCPTrack.swift */,
				E57FCA242BC8D3D2008D8907 /* OpenAccessTrack.swift */,
				E55DE97F2BDC0B6300ECB153 /* OverdriveTrack.swift */,
				E5ECFA7B2BED6C050008670F /* FindawayTrack.swift */,
			);
			path = Tracks;
			sourceTree = "<group>";
		};
		E5CC0CFF2BA8B6EC001BF751 /* Mocks */ = {
			isa = PBXGroup;
			children = (
			);
			path = Mocks;
			sourceTree = "<group>";
		};
		E5DE01A02BA3E1830063E68E /* Helpers */ = {
			isa = PBXGroup;
			children = (
				E5ECFA982BED6D1B0008670F /* FindawayDownloadNotificationHandler.swift */,
				E5ECFA842BED6C430008670F /* FindawayDatabaseVerification.swift */,
				7B5441DF200EA82C0047B6C6 /* AudiobookLifecycleManager.swift */,
				E5ECFA862BED6C4F0008670F /* FindawayPlaybackNotificationHandler.swift */,
				E5ECFA812BED6C270008670F /* FindawayAudiobookLifecycleListener.swift */,
				7BBF4DFB20506FF600700731 /* SleepTimer.swift */,
				E5C3820B2BDACB7E00049CF1 /* AVPlayer+Extensions.swift */,
				E57FCA232BC8D3C0008D8907 /* Tracks */,
				E5DE01AD2BA3EE460063E68E /* Models */,
			);
			path = Helpers;
			sourceTree = "<group>";
		};
		E5DE01AD2BA3EE460063E68E /* Models */ = {
			isa = PBXGroup;
			children = (
				E5DE01A12BA3E4420063E68E /* AudiobookTableOfContents.swift */,
				E5DE01A32BA3E44A0063E68E /* Chapter.swift */,
				E5DE01AB2BA3E47A0063E68E /* Manifest.swift */,
				E57498C52BB31C9F00BCD49C /* Metadata.swift */,
				E5DE01A52BA3E4500063E68E /* TrackPosition.swift */,
			);
			path = Models;
			sourceTree = "<group>";
		};
		E72707EA2A54A3A80088B86A /* Tracker */ = {
			isa = PBXGroup;
			children = (
				E72707E82A54A3930088B86A /* AudiobookPlaybackTrackerDelegate.swift */,
			);
			path = Tracker;
			sourceTree = "<group>";
		};
		E785BA2D2B152D5700A12EFA /* Supporting Files */ = {
			isa = PBXGroup;
			children = (
				E7E96BCC2B0FCD450036B23A /* OpenSans-Bold.ttf */,
				E7E96BCA2B0FCD450036B23A /* OpenSans-Regular.ttf */,
				E7E96BCB2B0FCD450036B23A /* OpenSans-SemiBold.ttf */,
			);
			path = "Supporting Files";
			sourceTree = "<group>";
		};
		E7F127B82A992194001ED616 /* UI */ = {
			isa = PBXGroup;
			children = (
				E71168BB2AB4BEFC00629DC7 /* AudiobookPlayer.swift */,
				E7F127B92A9921BE001ED616 /* AudiobookPlayerView.swift */,
				E79266962AB34315009901B7 /* AudiobookNavigationView.swift */,
				E71168B52AB44B4A00629DC7 /* AudiobookPlaybackModel.swift */,
				E56C00C52BC3912100A25A97 /* ChapterCell.swift */,
				E57F79D82C17FE6900E99297 /* RetryToolbar.swift */,
				E588DB392C477BE700144A73 /* LoadingView.swift */,
			);
			path = UI;
			sourceTree = "<group>";
		};
/* End PBXGroup section */

/* Begin PBXHeadersBuildPhase section */
		7B544189200EA7C20047B6C6 /* Headers */ = {
			isa = PBXHeadersBuildPhase;
			buildActionMask = 2147483647;
			files = (
			);
			runOnlyForDeploymentPostprocessing = 0;
		};
/* End PBXHeadersBuildPhase section */

/* Begin PBXNativeTarget section */
		7B54418B200EA7C20047B6C6 /* PalaceAudiobookToolkit */ = {
			isa = PBXNativeTarget;
			buildConfigurationList = 7B5441A0200EA7C20047B6C6 /* Build configuration list for PBXNativeTarget "PalaceAudiobookToolkit" */;
			buildPhases = (
				7B544187200EA7C20047B6C6 /* Sources */,
				7B544188200EA7C20047B6C6 /* Frameworks */,
				7B544189200EA7C20047B6C6 /* Headers */,
				7B54418A200EA7C20047B6C6 /* Resources */,
				E5ECFA9E2BED70E80008670F /* Embed Frameworks */,
			);
			buildRules = (
			);
			dependencies = (
			);
			name = PalaceAudiobookToolkit;
			packageProductDependencies = (
				E5A7C3A72943A8920083BE1F /* Transifex */,
				E59FCE9929423E73004FD730 /* PureLayout */,
				E5F9AD2E2E428FA00092AC59 /* ReadiumShared */,
			);
			productName = NYPLAudiobookToolkit;
			productReference = 7B54418C200EA7C20047B6C6 /* PalaceAudiobookToolkit.framework */;
			productType = "com.apple.product-type.framework";
		};
		7B544194200EA7C20047B6C6 /* PalaceAudiobookToolkitTests */ = {
			isa = PBXNativeTarget;
			buildConfigurationList = 7B5441A3200EA7C20047B6C6 /* Build configuration list for PBXNativeTarget "PalaceAudiobookToolkitTests" */;
			buildPhases = (
				7B544191200EA7C20047B6C6 /* Sources */,
				7B544192200EA7C20047B6C6 /* Frameworks */,
				7B544193200EA7C20047B6C6 /* Resources */,
				8C944DAA240734A9004A1601 /* Copy Frameworks (Carthage) */,
			);
			buildRules = (
			);
			dependencies = (
				7B544198200EA7C20047B6C6 /* PBXTargetDependency */,
			);
			name = PalaceAudiobookToolkitTests;
			productName = NYPLAudiobookToolkitTests;
			productReference = 7B544195200EA7C20047B6C6 /* PalaceAudiobookToolkitTests.xctest */;
			productType = "com.apple.product-type.bundle.unit-test";
		};
/* End PBXNativeTarget section */

/* Begin PBXProject section */
		7B544183200EA7C20047B6C6 /* Project object */ = {
			isa = PBXProject;
			attributes = {
				LastSwiftUpdateCheck = 0920;
				LastUpgradeCheck = 0930;
				ORGANIZATIONNAME = "The Palace Project";
				TargetAttributes = {
					7B54418B200EA7C20047B6C6 = {
						CreatedOnToolsVersion = 9.2;
						LastSwiftMigration = 1010;
					};
					7B544194200EA7C20047B6C6 = {
						CreatedOnToolsVersion = 9.2;
						LastSwiftMigration = 1000;
						ProvisioningStyle = Automatic;
					};
				};
			};
			buildConfigurationList = 7B544186200EA7C20047B6C6 /* Build configuration list for PBXProject "PalaceAudiobookToolkit" */;
			compatibilityVersion = "Xcode 8.0";
			developmentRegion = en;
			hasScannedForEncodings = 0;
			knownRegions = (
				en,
				Base,
			);
			mainGroup = 7B544182200EA7C20047B6C6;
			packageReferences = (
				E56EE121293FCFBD00D0E915 /* XCRemoteSwiftPackageReference "PureLayout" */,
				E5A7C3A62943A8920083BE1F /* XCRemoteSwiftPackageReference "transifex-swift" */,
				E5F9AD2D2E428FA00092AC59 /* XCRemoteSwiftPackageReference "swift-toolkit" */,
			);
			productRefGroup = 7B54418D200EA7C20047B6C6 /* Products */;
			projectDirPath = "";
			projectRoot = "";
			targets = (
				7B54418B200EA7C20047B6C6 /* PalaceAudiobookToolkit */,
				7B544194200EA7C20047B6C6 /* PalaceAudiobookToolkitTests */,
			);
		};
/* End PBXProject section */

/* Begin PBXResourcesBuildPhase section */
		7B54418A200EA7C20047B6C6 /* Resources */ = {
			isa = PBXResourcesBuildPhase;
			buildActionMask = 2147483647;
			files = (
				E7E96BD02B10032E0036B23A /* OpenSans-Bold.ttf in Resources */,
				E7E96BD12B10032E0036B23A /* OpenSans-Regular.ttf in Resources */,
				E7E96BD22B10032E0036B23A /* OpenSans-SemiBold.ttf in Resources */,
				E52C1C422C00437F00D8F30B /* the_martian_manifest.json in Resources */,
				E52C1C432C00437F00D8F30B /* littleWomenDevotional_manifest.json in Resources */,
				E52C1C442C00437F00D8F30B /* secret_lives_manifest.json in Resources */,
				E52C1C452C00437F00D8F30B /* anathem_manifest.json in Resources */,
				E52C1C462C00437F00D8F30B /* snowcrash_manifest.json in Resources */,
				E52C1C472C00437F00D8F30B /* bocas_manifest.json in Resources */,
				E52C1C482C00437F00D8F30B /* quicksilver_manifest.json in Resources */,
				E52C1C492C00437F00D8F30B /* animalFarm_manifest.json in Resources */,
				E52C1C4A2C00437F00D8F30B /* theBigFail_manifest.json in Resources */,
				E52C1C4B2C00437F00D8F30B /* christmas_carol_manifest.json in Resources */,
				E52C1C4C2C00437F00D8F30B /* best_new_horror_manifest.json in Resources */,
				E52C1C4D2C00437F00D8F30B /* flatland_manifest.json in Resources */,
				E52C1C4E2C00437F00D8F30B /* the_system_of_the_world_manifest.json in Resources */,
				7B3BD9CC2011848B002C5416 /* Media.xcassets in Resources */,
				E715993C2AA9185A000800A8 /* alice_manifest.json in Resources */,
			);
			runOnlyForDeploymentPostprocessing = 0;
		};
		7B544193200EA7C20047B6C6 /* Resources */ = {
			isa = PBXResourcesBuildPhase;
			buildActionMask = 2147483647;
			files = (
				E58496932BAB6B10003C83E6 /* bocas_manifest.json in Resources */,
				E58C53462B7550B000D861EE /* anathem_manifest.json in Resources */,
				E50121752BB498BE0049730D /* animalFarm_manifest.json in Resources */,
				E58C53442B75507100D861EE /* the_system_of_the_world_manifest.json in Resources */,
				E549653327FBEAC400913BD6 /* flatland_manifest.json in Resources */,
				E58496952BAB6FF1003C83E6 /* secret_lives_manifest.json in Resources */,
				E5338AD12BEAB816002387E1 /* littleWomenDevotional_manifest.json in Resources */,
				E5A018BF2936887E003F6D01 /* alice_manifest.json in Resources */,
				E549653527FBEB5100913BD6 /* best_new_horror_manifest.json in Resources */,
				E5A018C229368BC2003F6D01 /* the_martian_manifest.json in Resources */,
				E530533029B69BDC005E831F /* snowcrash_manifest.json in Resources */,
				E5D61EF92C3C82D80054029E /* where_the_line_is_drawn_manifest.json in Resources */,
				D5A0909C2B97986500C0FF2F /* theBigFail_manifest.json in Resources */,
				E55C93DE2B6C1FD30092E5E6 /* christmas_carol_manifest.json in Resources */,
				E57105E62C2CB6D200F1F033 /* endOfTheWorld_manifest.json in Resources */,
				E55470142B7C1814003447B8 /* quicksilver_manifest.json in Resources */,
			);
			runOnlyForDeploymentPostprocessing = 0;
		};
/* End PBXResourcesBuildPhase section */

/* Begin PBXShellScriptBuildPhase section */
		8C944DAA240734A9004A1601 /* Copy Frameworks (Carthage) */ = {
			isa = PBXShellScriptBuildPhase;
			buildActionMask = 2147483647;
			files = (
			);
			inputFileListPaths = (
			);
			inputPaths = (
			);
			name = "Copy Frameworks (Carthage)";
			outputFileListPaths = (
			);
			outputPaths = (
			);
			runOnlyForDeploymentPostprocessing = 0;
			shellPath = /bin/sh;
			shellScript = "/usr/local/bin/carthage copy-frameworks\n";
		};
/* End PBXShellScriptBuildPhase section */

/* Begin PBXSourcesBuildPhase section */
		7B544187200EA7C20047B6C6 /* Sources */ = {
			isa = PBXSourcesBuildPhase;
			buildActionMask = 2147483647;
			files = (
				E57498C62BB31C9F00BCD49C /* Metadata.swift in Sources */,
				E5DE01A62BA3E4500063E68E /* TrackPosition.swift in Sources */,
				7BD8E4FC20753BC6008ED3F1 /* Bundle.swift in Sources */,
				8C6CD8AD240DB3C000E2DFB0 /* FeedbookDRMProcessor.swift in Sources */,
				E5DE01AA2BA3E4610063E68E /* Tracks.swift in Sources */,
				21B26CD0257FBA9F00A60238 /* LCPDownloadTask.swift in Sources */,
				E53A1B792C3E443200F490CD /* ManifestJSON.swift in Sources */,
				E67CA9A5215C0D320081A10B /* Log.swift in Sources */,
				E55D1D192BBB9E70004FE948 /* OpenAccessPlayer.swift in Sources */,
				E56C00C62BC3912100A25A97 /* ChapterCell.swift in Sources */,
				E72707E92A54A3930088B86A /* AudiobookPlaybackTrackerDelegate.swift in Sources */,
				7BF3C446205B0A010056D46B /* HumanReadableTimeRemaining.swift in Sources */,
				E5ECFA992BED6D1B0008670F /* FindawayDownloadNotificationHandler.swift in Sources */,
				7B6C1BD0203F1CDA00EB791E /* AudiobookNetworkService.swift in Sources */,
				E7F9BAE82A8E7F48001697DE /* PublicConstants.swift in Sources */,
				E57F79D92C17FE6900E99297 /* RetryToolbar.swift in Sources */,
				7B8026A3206AB0AF00012808 /* HumanReadablePlaybackRate.swift in Sources */,
				E5338AD52BEABFC3002387E1 /* FindawayAudiobook.swift in Sources */,
				E57FCA252BC8D3D2008D8907 /* OpenAccessTrack.swift in Sources */,
				8C3CDB102422E82C0020FC0B /* HmacAlgorithm.swift in Sources */,
				8C3CDB072422D85E0020FC0B /* Data+Base64.swift in Sources */,
				E7F9BAC22A8E6B72001697DE /* Data+hexString.swift in Sources */,
				E71168BE2AB4C4DA00629DC7 /* BoolWithDelay.swift in Sources */,
				7B4F1B2020361547003F047B /* Cursor.swift in Sources */,
				A9DC9CFD220547F800D122F2 /* ErrorDescriptions.swift in Sources */,
				E71168BC2AB4BEFC00629DC7 /* AudiobookPlayer.swift in Sources */,
				8C882C952409B04F0000CA59 /* DateUtils.swift in Sources */,
				E7F127BA2A9921BE001ED616 /* AudiobookPlayerView.swift in Sources */,
				7B5441E6200EA82C0047B6C6 /* AudiobookLifecycleManager.swift in Sources */,
				7B5441E7200EA82C0047B6C6 /* AudiobookManager.swift in Sources */,
				E5ECFA7E2BED6C150008670F /* FindawayPlayer.swift in Sources */,
				E5F9AD372E4290370092AC59 /* RangeResource.swift in Sources */,
				7BDD33B320470A7100CC8807 /* HumanReadablePercentage.swift in Sources */,
				E5797E9C2BAA35F40017AB03 /* Audiobook.swift in Sources */,
				E5ECFA802BED6C1D0008670F /* FindawayDownloadTask.swift in Sources */,
				E5CC6E7A2BBB295F00C31ABD /* Player.swift in Sources */,
				7B5441E1200EA82C0047B6C6 /* AudiobookMetadata.swift in Sources */,
				E5DE01AC2BA3E47A0063E68E /* Manifest.swift in Sources */,
				E523126C286E3C5A007D1DB5 /* TimeInterval+Extensions.swift in Sources */,
				17576CAC248E89DE00E18B4C /* OverdriveDownloadTask.swift in Sources */,
				E5F9AD332E428FD80092AC59 /* HTTPRangeRetriever.swift in Sources */,
				E51919DB2B50924000C08E86 /* URLRequest+Extensions.swift in Sources */,
				7BBF4DFC20506FF600700731 /* SleepTimer.swift in Sources */,
				8C3F7112242BDDAF00E5C810 /* URLRequest+Curl.swift in Sources */,
				7B7B370820211CE100030A1E /* OpenAccessDownloadTask.swift in Sources */,
				E7D1DCDA2ABE273500ADED8D /* AudiobookPlaybackModel.swift in Sources */,
				E57FCA282BC8E768008D8907 /* LCPTrack.swift in Sources */,
				E57FCA222BC8D0ED008D8907 /* DownloadTask.swift in Sources */,
				E503256D27FE8EFA00317F68 /* Array+Extensions.swift in Sources */,
				E57498C02BB1EED100BCD49C /* OpenAccessAudiobook.swift in Sources */,
				E5ECFA872BED6C4F0008670F /* FindawayPlaybackNotificationHandler.swift in Sources */,
				8CF57BDA243277180053C31E /* MediaProcessor.swift in Sources */,
				E71168B82AB453A800629DC7 /* Reachability.swift in Sources */,
				E5ECFA822BED6C270008670F /* FindawayAudiobookLifecycleListener.swift in Sources */,
				8C6CD8AA240D9F8A00E2DFB0 /* JSONUtils.swift in Sources */,
				E59FCEC929425F81004FD730 /* Strings.swift in Sources */,
				E5ECFA852BED6C430008670F /* FindawayDatabaseVerification.swift in Sources */,
				E5A7C3AA2943ABF90083BE1F /* TXNativeExtensions.swift in Sources */,
				8C3CDB0E2422E7F40020FC0B /* String+Extensions.swift in Sources */,
				178707C824DA505700649567 /* RSAUtils.swift in Sources */,
				E5ECFA7C2BED6C050008670F /* FindawayTrack.swift in Sources */,
				E55DE9802BDC0B6300ECB153 /* OverdriveTrack.swift in Sources */,
				E5DE01A42BA3E44A0063E68E /* Chapter.swift in Sources */,
				7BDD33AF204461A000CC8807 /* HumanReadableTimestamp.swift in Sources */,
				8C218AE8242C4C8500C53F0A /* AVPlayer+Description.swift in Sources */,
				E55E2FA429E73ACC0093F916 /* Date+Extensions.swift in Sources */,
				E588DB3A2C477BE700144A73 /* LoadingView.swift in Sources */,
				E565D0082BC5DC5800DD20AA /* AudiobookTableOfContents.swift in Sources */,
				8CF57BDC2432788C0053C31E /* Data+BigEndian.swift in Sources */,
				7BD8E4FA206EB49D008ED3F1 /* VoiceOverTimestamp.swift in Sources */,
				E5C3820C2BDACB7E00049CF1 /* AVPlayer+Extensions.swift in Sources */,
				E57282542E4A8FC500CE3DB8 /* StreamingResourceProvider.swift in Sources */,
				E57282552E4A8FC500CE3DB8 /* LCPStreamingPlayer.swift in Sources */,
				E5DE01A82BA3E4580063E68E /* Track.swift in Sources */,
				E5041F782BBF36B600AE363E /* MediaControlPublisher.swift in Sources */,
				E5F9AD312E428FBD0092AC59 /* LCPResourceLoaderDelegate.swift in Sources */,
				E5C8A84F2BCEC18D00F06F14 /* LCPPlayer.swift in Sources */,
				E79266972AB34315009901B7 /* AudiobookNavigationView.swift in Sources */,
			);
			runOnlyForDeploymentPostprocessing = 0;
		};
		7B544191200EA7C20047B6C6 /* Sources */ = {
			isa = PBXSourcesBuildPhase;
			buildActionMask = 2147483647;
			files = (
				7BBF4E002050856400700731 /* PlayerMock.swift in Sources */,
				7BBF4DFE2050850A00700731 /* SleepTimerTests.swift in Sources */,
				7B78545B204DEE8500F6589B /* AudiobookNetworkServiceTest.swift in Sources */,
				7B78545D204DEE9900F6589B /* DownloadTaskMock.swift in Sources */,
				E5B05DAA2BA4DB4500686897 /* TableOfContentsTests.swift in Sources */,
				8C3CDB042422AB060020FC0B /* JSONUtilsTest.swift in Sources */,
				8CD8A20F243E7A0D009DA4CC /* Data+BigEndianTest.swift in Sources */,
				E5DE01AF2BA3EF360063E68E /* ManifestDecodingTests.swift in Sources */,
				E7F9BAC42A8E6E08001697DE /* String+sha256Test.swift in Sources */,
				7B6C1BD420405C4D00EB791E /* CursorTests.swift in Sources */,
				E5CC0CFE2BA8ADA0001BF751 /* TrackPositionTests.swift in Sources */,
			);
			runOnlyForDeploymentPostprocessing = 0;
		};
/* End PBXSourcesBuildPhase section */

/* Begin PBXTargetDependency section */
		7B544198200EA7C20047B6C6 /* PBXTargetDependency */ = {
			isa = PBXTargetDependency;
			target = 7B54418B200EA7C20047B6C6 /* PalaceAudiobookToolkit */;
			targetProxy = 7B544197200EA7C20047B6C6 /* PBXContainerItemProxy */;
		};
/* End PBXTargetDependency section */

/* Begin XCBuildConfiguration section */
		7B54419E200EA7C20047B6C6 /* Debug */ = {
			isa = XCBuildConfiguration;
			buildSettings = {
				ALWAYS_SEARCH_USER_PATHS = NO;
				CLANG_ANALYZER_NONNULL = YES;
				CLANG_ANALYZER_NUMBER_OBJECT_CONVERSION = YES_AGGRESSIVE;
				CLANG_CXX_LANGUAGE_STANDARD = "gnu++14";
				CLANG_CXX_LIBRARY = "libc++";
				CLANG_ENABLE_MODULES = YES;
				CLANG_ENABLE_OBJC_ARC = YES;
				CLANG_WARN_BLOCK_CAPTURE_AUTORELEASING = YES;
				CLANG_WARN_BOOL_CONVERSION = YES;
				CLANG_WARN_COMMA = YES;
				CLANG_WARN_CONSTANT_CONVERSION = YES;
				CLANG_WARN_DEPRECATED_OBJC_IMPLEMENTATIONS = YES;
				CLANG_WARN_DIRECT_OBJC_ISA_USAGE = YES_ERROR;
				CLANG_WARN_DOCUMENTATION_COMMENTS = YES;
				CLANG_WARN_EMPTY_BODY = YES;
				CLANG_WARN_ENUM_CONVERSION = YES;
				CLANG_WARN_INFINITE_RECURSION = YES;
				CLANG_WARN_INT_CONVERSION = YES;
				CLANG_WARN_NON_LITERAL_NULL_CONVERSION = YES;
				CLANG_WARN_OBJC_IMPLICIT_RETAIN_SELF = YES;
				CLANG_WARN_OBJC_LITERAL_CONVERSION = YES;
				CLANG_WARN_OBJC_ROOT_CLASS = YES_ERROR;
				CLANG_WARN_RANGE_LOOP_ANALYSIS = YES;
				CLANG_WARN_STRICT_PROTOTYPES = YES;
				CLANG_WARN_SUSPICIOUS_MOVE = YES;
				CLANG_WARN_UNGUARDED_AVAILABILITY = YES_AGGRESSIVE;
				CLANG_WARN_UNREACHABLE_CODE = YES;
				CLANG_WARN__DUPLICATE_METHOD_MATCH = YES;
				CODE_SIGN_IDENTITY = "iPhone Developer";
				COPY_PHASE_STRIP = NO;
				CURRENT_PROJECT_VERSION = 1;
				DEBUG_INFORMATION_FORMAT = dwarf;
				ENABLE_STRICT_OBJC_MSGSEND = YES;
				ENABLE_TESTABILITY = YES;
				GCC_C_LANGUAGE_STANDARD = gnu11;
				GCC_DYNAMIC_NO_PIC = NO;
				GCC_NO_COMMON_BLOCKS = YES;
				GCC_OPTIMIZATION_LEVEL = 0;
				GCC_PREPROCESSOR_DEFINITIONS = (
					"DEBUG=1",
					"$(inherited)",
				);
				GCC_WARN_64_TO_32_BIT_CONVERSION = YES;
				GCC_WARN_ABOUT_RETURN_TYPE = YES_ERROR;
				GCC_WARN_UNDECLARED_SELECTOR = YES;
				GCC_WARN_UNINITIALIZED_AUTOS = YES_AGGRESSIVE;
				GCC_WARN_UNUSED_FUNCTION = YES;
				GCC_WARN_UNUSED_VARIABLE = YES;
				IPHONEOS_DEPLOYMENT_TARGET = 13.0;
				MTL_ENABLE_DEBUG_INFO = YES;
				ONLY_ACTIVE_ARCH = YES;
				SDKROOT = iphoneos;
				SWIFT_ACTIVE_COMPILATION_CONDITIONS = DEBUG;
				SWIFT_OPTIMIZATION_LEVEL = "-Onone";
				VERSIONING_SYSTEM = "apple-generic";
				VERSION_INFO_PREFIX = "";
			};
			name = Debug;
		};
		7B54419F200EA7C20047B6C6 /* Release */ = {
			isa = XCBuildConfiguration;
			buildSettings = {
				ALWAYS_SEARCH_USER_PATHS = NO;
				CLANG_ANALYZER_NONNULL = YES;
				CLANG_ANALYZER_NUMBER_OBJECT_CONVERSION = YES_AGGRESSIVE;
				CLANG_CXX_LANGUAGE_STANDARD = "gnu++14";
				CLANG_CXX_LIBRARY = "libc++";
				CLANG_ENABLE_MODULES = YES;
				CLANG_ENABLE_OBJC_ARC = YES;
				CLANG_WARN_BLOCK_CAPTURE_AUTORELEASING = YES;
				CLANG_WARN_BOOL_CONVERSION = YES;
				CLANG_WARN_COMMA = YES;
				CLANG_WARN_CONSTANT_CONVERSION = YES;
				CLANG_WARN_DEPRECATED_OBJC_IMPLEMENTATIONS = YES;
				CLANG_WARN_DIRECT_OBJC_ISA_USAGE = YES_ERROR;
				CLANG_WARN_DOCUMENTATION_COMMENTS = YES;
				CLANG_WARN_EMPTY_BODY = YES;
				CLANG_WARN_ENUM_CONVERSION = YES;
				CLANG_WARN_INFINITE_RECURSION = YES;
				CLANG_WARN_INT_CONVERSION = YES;
				CLANG_WARN_NON_LITERAL_NULL_CONVERSION = YES;
				CLANG_WARN_OBJC_IMPLICIT_RETAIN_SELF = YES;
				CLANG_WARN_OBJC_LITERAL_CONVERSION = YES;
				CLANG_WARN_OBJC_ROOT_CLASS = YES_ERROR;
				CLANG_WARN_RANGE_LOOP_ANALYSIS = YES;
				CLANG_WARN_STRICT_PROTOTYPES = YES;
				CLANG_WARN_SUSPICIOUS_MOVE = YES;
				CLANG_WARN_UNGUARDED_AVAILABILITY = YES_AGGRESSIVE;
				CLANG_WARN_UNREACHABLE_CODE = YES;
				CLANG_WARN__DUPLICATE_METHOD_MATCH = YES;
				CODE_SIGN_IDENTITY = "iPhone Developer";
				COPY_PHASE_STRIP = NO;
				CURRENT_PROJECT_VERSION = 1;
				DEBUG_INFORMATION_FORMAT = "dwarf-with-dsym";
				ENABLE_NS_ASSERTIONS = NO;
				ENABLE_STRICT_OBJC_MSGSEND = YES;
				GCC_C_LANGUAGE_STANDARD = gnu11;
				GCC_NO_COMMON_BLOCKS = YES;
				GCC_WARN_64_TO_32_BIT_CONVERSION = YES;
				GCC_WARN_ABOUT_RETURN_TYPE = YES_ERROR;
				GCC_WARN_UNDECLARED_SELECTOR = YES;
				GCC_WARN_UNINITIALIZED_AUTOS = YES_AGGRESSIVE;
				GCC_WARN_UNUSED_FUNCTION = YES;
				GCC_WARN_UNUSED_VARIABLE = YES;
				IPHONEOS_DEPLOYMENT_TARGET = 13.0;
				MTL_ENABLE_DEBUG_INFO = NO;
				SDKROOT = iphoneos;
				SWIFT_COMPILATION_MODE = wholemodule;
				SWIFT_OPTIMIZATION_LEVEL = "-O";
				VALIDATE_PRODUCT = YES;
				VERSIONING_SYSTEM = "apple-generic";
				VERSION_INFO_PREFIX = "";
			};
			name = Release;
		};
		7B5441A1200EA7C20047B6C6 /* Debug */ = {
			isa = XCBuildConfiguration;
			buildSettings = {
				BUILD_LIBRARY_FOR_DISTRIBUTION = YES;
				CLANG_ENABLE_MODULES = YES;
				CODE_SIGN_IDENTITY = "";
				CODE_SIGN_STYLE = Manual;
				CURRENT_PROJECT_VERSION = 0;
				DEFINES_MODULE = YES;
				DEVELOPMENT_TEAM = "";
				DYLIB_COMPATIBILITY_VERSION = 1;
				DYLIB_CURRENT_VERSION = 1;
				DYLIB_INSTALL_NAME_BASE = "@rpath";
				FRAMEWORK_SEARCH_PATHS = (
					"$(inherited)",
					"$(PROJECT_DIR)/Carthage/Build",
					"$(PROJECT_DIR)",
				);
				INFOPLIST_FILE = PalaceAudiobookToolkit/Info.plist;
				INSTALL_PATH = "$(LOCAL_LIBRARY_DIR)/Frameworks";
				IPHONEOS_DEPLOYMENT_TARGET = 16.0;
				LD_RUNPATH_SEARCH_PATHS = (
					"$(inherited)",
					"@executable_path/Frameworks",
					"@loader_path/Frameworks",
				);
				MARKETING_VERSION = 2.2;
				"OTHER_SWIFT_FLAGS[arch=*]" = "-D DEBUG";
				PRODUCT_BUNDLE_IDENTIFIER = PalaceAudiobooksToolkit.PalaceAudiobookToolkit;
				PRODUCT_NAME = "$(TARGET_NAME:c99extidentifier)";
				PROVISIONING_PROFILE_SPECIFIER = "";
				SKIP_INSTALL = YES;
				SWIFT_OPTIMIZATION_LEVEL = "-Onone";
				SWIFT_VERSION = 4.2;
				TARGETED_DEVICE_FAMILY = "1,2";
			};
			name = Debug;
		};
		7B5441A2200EA7C20047B6C6 /* Release */ = {
			isa = XCBuildConfiguration;
			buildSettings = {
				BUILD_LIBRARY_FOR_DISTRIBUTION = YES;
				CLANG_ENABLE_MODULES = YES;
				CODE_SIGN_IDENTITY = "";
				CODE_SIGN_STYLE = Manual;
				CURRENT_PROJECT_VERSION = 0;
				DEFINES_MODULE = YES;
				DEVELOPMENT_TEAM = "";
				DYLIB_COMPATIBILITY_VERSION = 1;
				DYLIB_CURRENT_VERSION = 1;
				DYLIB_INSTALL_NAME_BASE = "@rpath";
				FRAMEWORK_SEARCH_PATHS = (
					"$(inherited)",
					"$(PROJECT_DIR)/Carthage/Build",
					"$(PROJECT_DIR)",
				);
				INFOPLIST_FILE = PalaceAudiobookToolkit/Info.plist;
				INSTALL_PATH = "$(LOCAL_LIBRARY_DIR)/Frameworks";
				IPHONEOS_DEPLOYMENT_TARGET = 16.0;
				LD_RUNPATH_SEARCH_PATHS = (
					"$(inherited)",
					"@executable_path/Frameworks",
					"@loader_path/Frameworks",
				);
				MARKETING_VERSION = 2.2;
				PRODUCT_BUNDLE_IDENTIFIER = PalaceAudiobooksToolkit.PalaceAudiobookToolkit;
				PRODUCT_NAME = "$(TARGET_NAME:c99extidentifier)";
				PROVISIONING_PROFILE_SPECIFIER = "";
				SKIP_INSTALL = YES;
				SWIFT_VERSION = 4.2;
				TARGETED_DEVICE_FAMILY = "1,2";
			};
			name = Release;
		};
		7B5441A4200EA7C20047B6C6 /* Debug */ = {
			isa = XCBuildConfiguration;
			buildSettings = {
				ALWAYS_EMBED_SWIFT_STANDARD_LIBRARIES = YES;
				CODE_SIGN_STYLE = Automatic;
				DEVELOPMENT_TEAM = 7262U6ST2R;
				FRAMEWORK_SEARCH_PATHS = (
					"$(inherited)",
					"$(PROJECT_DIR)/Carthage/Build/**",
					"$(PROJECT_DIR)",
				);
				INFOPLIST_FILE = PalaceAudiobookToolkitTests/Info.plist;
				IPHONEOS_DEPLOYMENT_TARGET = 16.6;
				LD_RUNPATH_SEARCH_PATHS = (
					"$(inherited)",
					"@executable_path/Frameworks",
					"@loader_path/Frameworks",
				);
				PRODUCT_BUNDLE_IDENTIFIER = PalaceAudiobooksToolkit.PalaceAudiobookToolkitTests;
				PRODUCT_NAME = "$(TARGET_NAME)";
				SWIFT_VERSION = 4.2;
				TARGETED_DEVICE_FAMILY = "1,2";
			};
			name = Debug;
		};
		7B5441A5200EA7C20047B6C6 /* Release */ = {
			isa = XCBuildConfiguration;
			buildSettings = {
				ALWAYS_EMBED_SWIFT_STANDARD_LIBRARIES = YES;
				CODE_SIGN_STYLE = Automatic;
				DEVELOPMENT_TEAM = 7262U6ST2R;
				FRAMEWORK_SEARCH_PATHS = (
					"$(inherited)",
					"$(PROJECT_DIR)/Carthage/Build/**",
					"$(PROJECT_DIR)",
				);
				INFOPLIST_FILE = PalaceAudiobookToolkitTests/Info.plist;
				IPHONEOS_DEPLOYMENT_TARGET = 16.6;
				LD_RUNPATH_SEARCH_PATHS = (
					"$(inherited)",
					"@executable_path/Frameworks",
					"@loader_path/Frameworks",
				);
				PRODUCT_BUNDLE_IDENTIFIER = PalaceAudiobooksToolkit.PalaceAudiobookToolkitTests;
				PRODUCT_NAME = "$(TARGET_NAME)";
				SWIFT_VERSION = 4.2;
				TARGETED_DEVICE_FAMILY = "1,2";
			};
			name = Release;
		};
/* End XCBuildConfiguration section */

/* Begin XCConfigurationList section */
		7B544186200EA7C20047B6C6 /* Build configuration list for PBXProject "PalaceAudiobookToolkit" */ = {
			isa = XCConfigurationList;
			buildConfigurations = (
				7B54419E200EA7C20047B6C6 /* Debug */,
				7B54419F200EA7C20047B6C6 /* Release */,
			);
			defaultConfigurationIsVisible = 0;
			defaultConfigurationName = Release;
		};
		7B5441A0200EA7C20047B6C6 /* Build configuration list for PBXNativeTarget "PalaceAudiobookToolkit" */ = {
			isa = XCConfigurationList;
			buildConfigurations = (
				7B5441A1200EA7C20047B6C6 /* Debug */,
				7B5441A2200EA7C20047B6C6 /* Release */,
			);
			defaultConfigurationIsVisible = 0;
			defaultConfigurationName = Release;
		};
		7B5441A3200EA7C20047B6C6 /* Build configuration list for PBXNativeTarget "PalaceAudiobookToolkitTests" */ = {
			isa = XCConfigurationList;
			buildConfigurations = (
				7B5441A4200EA7C20047B6C6 /* Debug */,
				7B5441A5200EA7C20047B6C6 /* Release */,
			);
			defaultConfigurationIsVisible = 0;
			defaultConfigurationName = Release;
		};
/* End XCConfigurationList section */

/* Begin XCRemoteSwiftPackageReference section */
		E56EE121293FCFBD00D0E915 /* XCRemoteSwiftPackageReference "PureLayout" */ = {
			isa = XCRemoteSwiftPackageReference;
			repositoryURL = "https://github.com/PureLayout/PureLayout";
			requirement = {
				kind = upToNextMinorVersion;
				minimumVersion = 3.1.0;
			};
		};
		E5A7C3A62943A8920083BE1F /* XCRemoteSwiftPackageReference "transifex-swift" */ = {
			isa = XCRemoteSwiftPackageReference;
			repositoryURL = "https://github.com/transifex/transifex-swift/";
			requirement = {
				kind = exactVersion;
				version = 1.0.2;
			};
		};
		E5F9AD2D2E428FA00092AC59 /* XCRemoteSwiftPackageReference "swift-toolkit" */ = {
			isa = XCRemoteSwiftPackageReference;
			repositoryURL = "https://github.com/readium/swift-toolkit.git";
			requirement = {
				kind = exactVersion;
				version = 3.3.0;
			};
		};
/* End XCRemoteSwiftPackageReference section */

/* Begin XCSwiftPackageProductDependency section */
		E59FCE9929423E73004FD730 /* PureLayout */ = {
			isa = XCSwiftPackageProductDependency;
			package = E56EE121293FCFBD00D0E915 /* XCRemoteSwiftPackageReference "PureLayout" */;
			productName = PureLayout;
		};
		E5A7C3A72943A8920083BE1F /* Transifex */ = {
			isa = XCSwiftPackageProductDependency;
			package = E5A7C3A62943A8920083BE1F /* XCRemoteSwiftPackageReference "transifex-swift" */;
			productName = Transifex;
		};
		E5F9AD2E2E428FA00092AC59 /* ReadiumShared */ = {
			isa = XCSwiftPackageProductDependency;
			package = E5F9AD2D2E428FA00092AC59 /* XCRemoteSwiftPackageReference "swift-toolkit" */;
			productName = ReadiumShared;
		};
/* End XCSwiftPackageProductDependency section */
	};
	rootObject = 7B544183200EA7C20047B6C6 /* Project object */;
}
